{
  "version": 4,
  "terraform_version": "1.13.1",
  "serial": 15,
  "lineage": "0b002536-f973-fe98-de56-46d76733e5f4",
  "outputs": {
    "groups": {
      "value": {
        "prod_dev_readonly": "esendit-prod-dev-readonly",
        "prod_ops": "esendit-prod-ops",
        "prod_owners": "esendit-prod-owners"
      },
      "type": [
        "object",
        {
          "prod_dev_readonly": "string",
          "prod_ops": "string",
          "prod_owners": "string"
        }
      ]
    }
  },
  "resources": [
    {
      "mode": "data",
      "type": "azuread_client_config",
      "name": "current",
      "provider": "provider[\"registry.terraform.io/hashicorp/azuread\"]",
      "instances": [
        {
          "schema_version": 0,
          "attributes": {
            "client_id": "04b07795-8ddb-461a-bbee-02f9e1bf7b46",
            "id": "7dda7dc2-fa0d-4242-a85d-16907f632abc-04b07795-8ddb-461a-bbee-02f9e1bf7b46-5726b245-2a92-45d9-a7e4-f56e9fa285c7",
            "object_id": "5726b245-2a92-45d9-a7e4-f56e9fa285c7",
            "tenant_id": "7dda7dc2-fa0d-4242-a85d-16907f632abc",
            "timeouts": null
          },
          "sensitive_attributes": [],
          "identity_schema_version": 0
        }
      ]
    },
    {
      "mode": "data",
      "type": "azurerm_policy_definition",
      "name": "allowed_locations",
      "provider": "provider[\"registry.terraform.io/hashicorp/azurerm\"].prod",
      "instances": [
        {
          "schema_version": 0,
          "attributes": {
            "description": "This policy enables you to restrict the locations your organization can specify when deploying resources. Use to enforce your geo-compliance requirements. Excludes resource groups, Microsoft.AzureActiveDirectory/b2cDirectories, and resources that use the 'global' region.",
            "display_name": "Allowed locations",
            "id": "/providers/Microsoft.Authorization/policyDefinitions/e56962a6-4747-49cd-b67b-bf8b01975c4c",
            "management_group_name": null,
            "metadata": "{\"category\":\"General\",\"version\":\"1.0.0\"}",
            "mode": "Indexed",
            "name": "e56962a6-4747-49cd-b67b-bf8b01975c4c",
            "parameters": "{\"listOfAllowedLocations\":{\"type\":\"Array\",\"metadata\":{\"description\":\"The list of locations that can be specified when deploying resources.\",\"displayName\":\"Allowed locations\",\"strongType\":\"location\"}}}",
            "policy_rule": "{\"if\":{\"allOf\":[{\"field\":\"location\",\"notIn\":\"[parameters('listOfAllowedLocations')]\"},{\"field\":\"location\",\"notEquals\":\"global\"},{\"field\":\"type\",\"notEquals\":\"Microsoft.AzureActiveDirectory/b2cDirectories\"}]},\"then\":{\"effect\":\"deny\"}}",
            "policy_type": "BuiltIn",
            "role_definition_ids": [],
            "timeouts": null,
            "type": "Microsoft.Authorization/policyDefinitions"
          },
          "sensitive_attributes": [],
          "identity_schema_version": 0
        }
      ]
    },
    {
      "mode": "data",
      "type": "azurerm_subscription",
      "name": "dev",
      "provider": "provider[\"registry.terraform.io/hashicorp/azurerm\"].dev",
      "instances": [
        {
          "schema_version": 0,
          "attributes": {
            "display_name": "esendit-dev",
            "id": "/subscriptions/c824dfe2-906a-43cd-8c48-50f825e80036",
            "location_placement_id": "Public_2014-09-01",
            "quota_id": "PayAsYouGo_2014-09-01",
            "spending_limit": "Off",
            "state": "Enabled",
            "subscription_id": "c824dfe2-906a-43cd-8c48-50f825e80036",
            "tags": {},
            "tenant_id": "7dda7dc2-fa0d-4242-a85d-16907f632abc",
            "timeouts": null
          },
          "sensitive_attributes": [],
          "identity_schema_version": 0
        }
      ]
    },
    {
      "mode": "data",
      "type": "azurerm_subscription",
      "name": "prod",
      "provider": "provider[\"registry.terraform.io/hashicorp/azurerm\"].prod",
      "instances": [
        {
          "schema_version": 0,
          "attributes": {
            "display_name": "esendit-prod",
            "id": "/subscriptions/f2676fa6-f639-4102-9865-f638f6b2c6c2",
            "location_placement_id": "Public_2014-09-01",
            "quota_id": "PayAsYouGo_2014-09-01",
            "spending_limit": "Off",
            "state": "Enabled",
            "subscription_id": "f2676fa6-f639-4102-9865-f638f6b2c6c2",
            "tags": {},
            "tenant_id": "7dda7dc2-fa0d-4242-a85d-16907f632abc",
            "timeouts": null
          },
          "sensitive_attributes": [],
          "identity_schema_version": 0
        }
      ]
    },
    {
      "mode": "managed",
      "type": "azuread_group",
      "name": "prod_dev_readonly",
      "provider": "provider[\"registry.terraform.io/hashicorp/azuread\"]",
      "instances": [
        {
          "schema_version": 1,
          "attributes": {
            "administrative_unit_ids": null,
            "assignable_to_role": false,
            "auto_subscribe_new_members": false,
            "behaviors": null,
            "description": "",
            "display_name": "esendit-prod-dev-readonly",
            "dynamic_membership": [],
            "external_senders_allowed": false,
            "hide_from_address_lists": false,
            "hide_from_outlook_clients": false,
            "id": "/groups/0c496de8-d5a3-408b-8f74-c06d37f324b7",
            "mail": "",
            "mail_enabled": false,
            "mail_nickname": "6b6af223-f",
            "members": [],
            "object_id": "0c496de8-d5a3-408b-8f74-c06d37f324b7",
            "onpremises_domain_name": "",
            "onpremises_group_type": "",
            "onpremises_netbios_name": "",
            "onpremises_sam_account_name": "",
            "onpremises_security_identifier": "",
            "onpremises_sync_enabled": false,
            "owners": [
              "5726b245-2a92-45d9-a7e4-f56e9fa285c7"
            ],
            "preferred_language": "",
            "prevent_duplicate_names": false,
            "provisioning_options": null,
            "proxy_addresses": [],
            "security_enabled": true,
            "theme": "",
            "timeouts": null,
            "types": null,
            "visibility": "",
            "writeback_enabled": false
          },
          "sensitive_attributes": [],
          "identity_schema_version": 0,
          "private": "eyJlMmJmYjczMC1lY2FhLTExZTYtOGY4OC0zNDM2M2JjN2M0YzAiOnsiY3JlYXRlIjoxMjAwMDAwMDAwMDAwLCJkZWxldGUiOjMwMDAwMDAwMDAwMCwicmVhZCI6MzAwMDAwMDAwMDAwLCJ1cGRhdGUiOjEyMDAwMDAwMDAwMDB9LCJzY2hlbWFfdmVyc2lvbiI6IjEifQ=="
        }
      ]
    },
    {
      "mode": "managed",
      "type": "azuread_group",
      "name": "prod_ops",
      "provider": "provider[\"registry.terraform.io/hashicorp/azuread\"]",
      "instances": [
        {
          "schema_version": 1,
          "attributes": {
            "administrative_unit_ids": null,
            "assignable_to_role": false,
            "auto_subscribe_new_members": false,
            "behaviors": null,
            "description": "",
            "display_name": "esendit-prod-ops",
            "dynamic_membership": [],
            "external_senders_allowed": false,
            "hide_from_address_lists": false,
            "hide_from_outlook_clients": false,
            "id": "/groups/193be594-d6aa-4993-856c-c607745cd9d2",
            "mail": "",
            "mail_enabled": false,
            "mail_nickname": "b7f8e78e-2",
            "members": [],
            "object_id": "193be594-d6aa-4993-856c-c607745cd9d2",
            "onpremises_domain_name": "",
            "onpremises_group_type": "",
            "onpremises_netbios_name": "",
            "onpremises_sam_account_name": "",
            "onpremises_security_identifier": "",
            "onpremises_sync_enabled": false,
            "owners": [
              "5726b245-2a92-45d9-a7e4-f56e9fa285c7"
            ],
            "preferred_language": "",
            "prevent_duplicate_names": false,
            "provisioning_options": null,
            "proxy_addresses": [],
            "security_enabled": true,
            "theme": "",
            "timeouts": null,
            "types": null,
            "visibility": "",
            "writeback_enabled": false
          },
          "sensitive_attributes": [],
          "identity_schema_version": 0,
          "private": "eyJlMmJmYjczMC1lY2FhLTExZTYtOGY4OC0zNDM2M2JjN2M0YzAiOnsiY3JlYXRlIjoxMjAwMDAwMDAwMDAwLCJkZWxldGUiOjMwMDAwMDAwMDAwMCwicmVhZCI6MzAwMDAwMDAwMDAwLCJ1cGRhdGUiOjEyMDAwMDAwMDAwMDB9LCJzY2hlbWFfdmVyc2lvbiI6IjEifQ=="
        }
      ]
    },
    {
      "mode": "managed",
      "type": "azuread_group",
      "name": "prod_owners",
      "provider": "provider[\"registry.terraform.io/hashicorp/azuread\"]",
      "instances": [
        {
          "schema_version": 1,
          "attributes": {
            "administrative_unit_ids": null,
            "assignable_to_role": false,
            "auto_subscribe_new_members": false,
            "behaviors": null,
            "description": "",
            "display_name": "esendit-prod-owners",
            "dynamic_membership": [],
            "external_senders_allowed": false,
            "hide_from_address_lists": false,
            "hide_from_outlook_clients": false,
            "id": "/groups/4edf8a22-e797-46ac-81e0-3cdff5f4c572",
            "mail": "",
            "mail_enabled": false,
            "mail_nickname": "b8317341-6",
            "members": [],
            "object_id": "4edf8a22-e797-46ac-81e0-3cdff5f4c572",
            "onpremises_domain_name": "",
            "onpremises_group_type": "",
            "onpremises_netbios_name": "",
            "onpremises_sam_account_name": "",
            "onpremises_security_identifier": "",
            "onpremises_sync_enabled": false,
            "owners": [
              "5726b245-2a92-45d9-a7e4-f56e9fa285c7"
            ],
            "preferred_language": "",
            "prevent_duplicate_names": false,
            "provisioning_options": null,
            "proxy_addresses": [],
            "security_enabled": true,
            "theme": "",
            "timeouts": null,
            "types": null,
            "visibility": "",
            "writeback_enabled": false
          },
          "sensitive_attributes": [],
          "identity_schema_version": 0,
          "private": "eyJlMmJmYjczMC1lY2FhLTExZTYtOGY4OC0zNDM2M2JjN2M0YzAiOnsiY3JlYXRlIjoxMjAwMDAwMDAwMDAwLCJkZWxldGUiOjMwMDAwMDAwMDAwMCwicmVhZCI6MzAwMDAwMDAwMDAwLCJ1cGRhdGUiOjEyMDAwMDAwMDAwMDB9LCJzY2hlbWFfdmVyc2lvbiI6IjEifQ=="
        }
      ]
    },
    {
      "mode": "managed",
      "type": "azuread_group_member",
      "name": "admin_prod_ops",
      "provider": "provider[\"registry.terraform.io/hashicorp/azuread\"]",
      "instances": [
        {
          "schema_version": 0,
          "attributes": {
            "group_object_id": "193be594-d6aa-4993-856c-c607745cd9d2",
            "id": "193be594-d6aa-4993-856c-c607745cd9d2/member/5726b245-2a92-45d9-a7e4-f56e9fa285c7",
            "member_object_id": "5726b245-2a92-45d9-a7e4-f56e9fa285c7",
            "timeouts": null
          },
          "sensitive_attributes": [],
          "identity_schema_version": 0,
          "private": "eyJlMmJmYjczMC1lY2FhLTExZTYtOGY4OC0zNDM2M2JjN2M0YzAiOnsiY3JlYXRlIjozMDAwMDAwMDAwMDAsImRlbGV0ZSI6MzAwMDAwMDAwMDAwLCJyZWFkIjozMDAwMDAwMDAwMDB9fQ==",
          "dependencies": [
            "azuread_group.prod_ops",
            "data.azuread_client_config.current"
          ]
        }
      ]
    },
    {
      "mode": "managed",
      "type": "azuread_group_member",
      "name": "admin_prod_owners",
      "provider": "provider[\"registry.terraform.io/hashicorp/azuread\"]",
      "instances": [
        {
          "schema_version": 0,
          "attributes": {
            "group_object_id": "4edf8a22-e797-46ac-81e0-3cdff5f4c572",
            "id": "4edf8a22-e797-46ac-81e0-3cdff5f4c572/member/5726b245-2a92-45d9-a7e4-f56e9fa285c7",
            "member_object_id": "5726b245-2a92-45d9-a7e4-f56e9fa285c7",
            "timeouts": null
          },
          "sensitive_attributes": [],
          "identity_schema_version": 0,
          "private": "eyJlMmJmYjczMC1lY2FhLTExZTYtOGY4OC0zNDM2M2JjN2M0YzAiOnsiY3JlYXRlIjozMDAwMDAwMDAwMDAsImRlbGV0ZSI6MzAwMDAwMDAwMDAwLCJyZWFkIjozMDAwMDAwMDAwMDB9fQ==",
          "dependencies": [
            "azuread_group.prod_owners",
            "data.azuread_client_config.current"
          ]
        }
      ]
    },
    {
      "mode": "managed",
      "type": "azurerm_role_assignment",
      "name": "dev_ops_contrib",
      "provider": "provider[\"registry.terraform.io/hashicorp/azurerm\"].dev",
      "instances": [
        {
          "schema_version": 0,
          "attributes": {
            "condition": "",
            "condition_version": "",
            "delegated_managed_identity_resource_id": "",
            "description": "",
            "id": "/subscriptions/c824dfe2-906a-43cd-8c48-50f825e80036/providers/Microsoft.Authorization/roleAssignments/e8461e24-98d5-9230-107d-c32ea9cf6383",
            "name": "e8461e24-98d5-9230-107d-c32ea9cf6383",
            "principal_id": "193be594-d6aa-4993-856c-c607745cd9d2",
            "principal_type": "Group",
            "role_definition_id": "/subscriptions/c824dfe2-906a-43cd-8c48-50f825e80036/providers/Microsoft.Authorization/roleDefinitions/b24988ac-6180-42a0-ab88-20f7382dd24c",
            "role_definition_name": "Contributor",
            "scope": "/subscriptions/c824dfe2-906a-43cd-8c48-50f825e80036",
            "skip_service_principal_aad_check": null,
            "timeouts": null
          },
          "sensitive_attributes": [],
          "identity_schema_version": 0,
          "private": "eyJlMmJmYjczMC1lY2FhLTExZTYtOGY4OC0zNDM2M2JjN2M0YzAiOnsiY3JlYXRlIjoxODAwMDAwMDAwMDAwLCJkZWxldGUiOjE4MDAwMDAwMDAwMDAsInJlYWQiOjMwMDAwMDAwMDAwMH19",
          "dependencies": [
            "azuread_group.prod_ops",
            "data.azurerm_subscription.dev"
          ]
        }
      ]
    },
    {
      "mode": "managed",
      "type": "azurerm_role_assignment",
      "name": "dev_owner",
      "provider": "provider[\"registry.terraform.io/hashicorp/azurerm\"].dev",
      "instances": [
        {
          "schema_version": 0,
          "attributes": {
            "condition": "",
            "condition_version": "",
            "delegated_managed_identity_resource_id": "",
            "description": "",
            "id": "/subscriptions/c824dfe2-906a-43cd-8c48-50f825e80036/providers/Microsoft.Authorization/roleAssignments/87048ff7-a78a-b925-7592-21f701c95289",
            "name": "87048ff7-a78a-b925-7592-21f701c95289",
            "principal_id": "4edf8a22-e797-46ac-81e0-3cdff5f4c572",
            "principal_type": "Group",
            "role_definition_id": "/subscriptions/c824dfe2-906a-43cd-8c48-50f825e80036/providers/Microsoft.Authorization/roleDefinitions/8e3af657-a8ff-443c-a75c-2fe8c4bcb635",
            "role_definition_name": "Owner",
            "scope": "/subscriptions/c824dfe2-906a-43cd-8c48-50f825e80036",
            "skip_service_principal_aad_check": null,
            "timeouts": null
          },
          "sensitive_attributes": [],
          "identity_schema_version": 0,
          "private": "eyJlMmJmYjczMC1lY2FhLTExZTYtOGY4OC0zNDM2M2JjN2M0YzAiOnsiY3JlYXRlIjoxODAwMDAwMDAwMDAwLCJkZWxldGUiOjE4MDAwMDAwMDAwMDAsInJlYWQiOjMwMDAwMDAwMDAwMH19",
          "dependencies": [
            "azuread_group.prod_owners",
            "data.azurerm_subscription.dev"
          ]
        }
      ]
    },
    {
      "mode": "managed",
      "type": "azurerm_role_assignment",
      "name": "prod_dev_readonly",
      "provider": "provider[\"registry.terraform.io/hashicorp/azurerm\"].prod",
      "instances": [
        {
          "schema_version": 0,
          "attributes": {
            "condition": "",
            "condition_version": "",
            "delegated_managed_identity_resource_id": "",
            "description": "",
            "id": "/subscriptions/f2676fa6-f639-4102-9865-f638f6b2c6c2/providers/Microsoft.Authorization/roleAssignments/f9c1d21a-d658-741c-20b3-0804f50641e2",
            "name": "f9c1d21a-d658-741c-20b3-0804f50641e2",
            "principal_id": "0c496de8-d5a3-408b-8f74-c06d37f324b7",
            "principal_type": "Group",
            "role_definition_id": "/subscriptions/f2676fa6-f639-4102-9865-f638f6b2c6c2/providers/Microsoft.Authorization/roleDefinitions/acdd72a7-3385-48ef-bd42-f606fba81ae7",
            "role_definition_name": "Reader",
            "scope": "/subscriptions/f2676fa6-f639-4102-9865-f638f6b2c6c2",
            "skip_service_principal_aad_check": null,
            "timeouts": null
          },
          "sensitive_attributes": [],
          "identity_schema_version": 0,
          "private": "eyJlMmJmYjczMC1lY2FhLTExZTYtOGY4OC0zNDM2M2JjN2M0YzAiOnsiY3JlYXRlIjoxODAwMDAwMDAwMDAwLCJkZWxldGUiOjE4MDAwMDAwMDAwMDAsInJlYWQiOjMwMDAwMDAwMDAwMH19",
          "dependencies": [
            "azuread_group.prod_dev_readonly",
            "data.azurerm_subscription.prod"
          ]
        }
      ]
    },
    {
      "mode": "managed",
      "type": "azurerm_role_assignment",
      "name": "prod_ops_contrib",
      "provider": "provider[\"registry.terraform.io/hashicorp/azurerm\"].prod",
      "instances": [
        {
          "schema_version": 0,
          "attributes": {
            "condition": "",
            "condition_version": "",
            "delegated_managed_identity_resource_id": "",
            "description": "",
            "id": "/subscriptions/f2676fa6-f639-4102-9865-f638f6b2c6c2/providers/Microsoft.Authorization/roleAssignments/2a8b885f-f2f5-9900-887c-588c959c87ad",
            "name": "2a8b885f-f2f5-9900-887c-588c959c87ad",
            "principal_id": "193be594-d6aa-4993-856c-c607745cd9d2",
            "principal_type": "Group",
            "role_definition_id": "/subscriptions/f2676fa6-f639-4102-9865-f638f6b2c6c2/providers/Microsoft.Authorization/roleDefinitions/b24988ac-6180-42a0-ab88-20f7382dd24c",
            "role_definition_name": "Contributor",
            "scope": "/subscriptions/f2676fa6-f639-4102-9865-f638f6b2c6c2",
            "skip_service_principal_aad_check": null,
            "timeouts": null
          },
          "sensitive_attributes": [],
          "identity_schema_version": 0,
          "private": "eyJlMmJmYjczMC1lY2FhLTExZTYtOGY4OC0zNDM2M2JjN2M0YzAiOnsiY3JlYXRlIjoxODAwMDAwMDAwMDAwLCJkZWxldGUiOjE4MDAwMDAwMDAwMDAsInJlYWQiOjMwMDAwMDAwMDAwMH19",
          "dependencies": [
            "azuread_group.prod_ops",
            "data.azurerm_subscription.prod"
          ]
        }
      ]
    },
    {
      "mode": "managed",
      "type": "azurerm_role_assignment",
      "name": "prod_owner",
      "provider": "provider[\"registry.terraform.io/hashicorp/azurerm\"].prod",
      "instances": [
        {
          "schema_version": 0,
          "attributes": {
            "condition": "",
            "condition_version": "",
            "delegated_managed_identity_resource_id": "",
            "description": "",
            "id": "/subscriptions/f2676fa6-f639-4102-9865-f638f6b2c6c2/providers/Microsoft.Authorization/roleAssignments/05abcb93-4330-a33e-3e10-840139bc8911",
            "name": "05abcb93-4330-a33e-3e10-840139bc8911",
            "principal_id": "4edf8a22-e797-46ac-81e0-3cdff5f4c572",
            "principal_type": "Group",
            "role_definition_id": "/subscriptions/f2676fa6-f639-4102-9865-f638f6b2c6c2/providers/Microsoft.Authorization/roleDefinitions/8e3af657-a8ff-443c-a75c-2fe8c4bcb635",
            "role_definition_name": "Owner",
            "scope": "/subscriptions/f2676fa6-f639-4102-9865-f638f6b2c6c2",
            "skip_service_principal_aad_check": null,
            "timeouts": null
          },
          "sensitive_attributes": [],
          "identity_schema_version": 0,
          "private": "eyJlMmJmYjczMC1lY2FhLTExZTYtOGY4OC0zNDM2M2JjN2M0YzAiOnsiY3JlYXRlIjoxODAwMDAwMDAwMDAwLCJkZWxldGUiOjE4MDAwMDAwMDAwMDAsInJlYWQiOjMwMDAwMDAwMDAwMH19",
          "dependencies": [
            "azuread_group.prod_owners",
            "data.azurerm_subscription.prod"
          ]
        }
      ]
    },
    {
      "mode": "managed",
      "type": "azurerm_subscription_policy_assignment",
      "name": "allowed_locations_dev",
      "provider": "provider[\"registry.terraform.io/hashicorp/azurerm\"].dev",
      "instances": [
        {
          "schema_version": 0,
          "attributes": {
            "description": "",
            "display_name": "",
            "enforce": true,
            "id": "/subscriptions/c824dfe2-906a-43cd-8c48-50f825e80036/providers/Microsoft.Authorization/policyAssignments/esendit-allowed-locations",
            "identity": [],
            "location": "",
            "metadata": "{\"createdBy\":\"5726b245-2a92-45d9-a7e4-f56e9fa285c7\",\"createdOn\":\"2025-12-26T20:45:06.751903Z\",\"updatedBy\":null,\"updatedOn\":null}",
            "name": "esendit-allowed-locations",
            "non_compliance_message": [],
            "not_scopes": null,
            "overrides": [],
            "parameters": "{\"listOfAllowedLocations\":{\"value\":[\"westindia\",\"centralindia\"]}}",
            "policy_definition_id": "/providers/Microsoft.Authorization/policyDefinitions/e56962a6-4747-49cd-b67b-bf8b01975c4c",
            "resource_selectors": [],
            "subscription_id": "/subscriptions/c824dfe2-906a-43cd-8c48-50f825e80036",
            "timeouts": null
          },
          "sensitive_attributes": [],
          "identity_schema_version": 0,
          "private": "eyJlMmJmYjczMC1lY2FhLTExZTYtOGY4OC0zNDM2M2JjN2M0YzAiOnsiY3JlYXRlIjoxODAwMDAwMDAwMDAwLCJkZWxldGUiOjE4MDAwMDAwMDAwMDAsInJlYWQiOjMwMDAwMDAwMDAwMCwidXBkYXRlIjoxODAwMDAwMDAwMDAwfX0=",
          "dependencies": [
            "data.azurerm_policy_definition.allowed_locations",
            "data.azurerm_subscription.dev"
          ]
        }
      ]
    },
    {
      "mode": "managed",
      "type": "azurerm_subscription_policy_assignment",
      "name": "allowed_locations_prod",
      "provider": "provider[\"registry.terraform.io/hashicorp/azurerm\"].prod",
      "instances": [
        {
          "schema_version": 0,
          "attributes": {
            "description": "",
            "display_name": "",
            "enforce": true,
            "id": "/subscriptions/f2676fa6-f639-4102-9865-f638f6b2c6c2/providers/Microsoft.Authorization/policyAssignments/esendit-allowed-locations",
            "identity": [],
            "location": "",
            "metadata": "{\"createdBy\":\"5726b245-2a92-45d9-a7e4-f56e9fa285c7\",\"createdOn\":\"2025-12-26T20:45:06.0393461Z\",\"updatedBy\":null,\"updatedOn\":null}",
            "name": "esendit-allowed-locations",
            "non_compliance_message": [],
            "not_scopes": null,
            "overrides": [],
            "parameters": "{\"listOfAllowedLocations\":{\"value\":[\"westindia\",\"centralindia\"]}}",
            "policy_definition_id": "/providers/Microsoft.Authorization/policyDefinitions/e56962a6-4747-49cd-b67b-bf8b01975c4c",
            "resource_selectors": [],
            "subscription_id": "/subscriptions/f2676fa6-f639-4102-9865-f638f6b2c6c2",
            "timeouts": null
          },
          "sensitive_attributes": [],
          "identity_schema_version": 0,
          "private": "eyJlMmJmYjczMC1lY2FhLTExZTYtOGY4OC0zNDM2M2JjN2M0YzAiOnsiY3JlYXRlIjoxODAwMDAwMDAwMDAwLCJkZWxldGUiOjE4MDAwMDAwMDAwMDAsInJlYWQiOjMwMDAwMDAwMDAwMCwidXBkYXRlIjoxODAwMDAwMDAwMDAwfX0=",
          "dependencies": [
            "data.azurerm_policy_definition.allowed_locations",
            "data.azurerm_subscription.prod"
          ]
        }
      ]
    }
  ],
  "check_results": null
}
