{
  "version": 4,
  "terraform_version": "1.13.1",
  "serial": 96,
  "lineage": "1840055e-c94e-aa29-bca3-ebefa9da64bf",
  "outputs": {
    "dev": {
      "value": {
        "acr_id": "/subscriptions/c824dfe2-906a-43cd-8c48-50f825e80036/resourceGroups/rg-esendit-dev-core-ci/providers/Microsoft.ContainerRegistry/registries/acresenditdevesendit000",
        "acr_name": "acresenditdevesendit000",
        "kv_id": "/subscriptions/c824dfe2-906a-43cd-8c48-50f825e80036/resourceGroups/rg-esendit-dev-core-ci/providers/Microsoft.KeyVault/vaults/kvesenditdevesendit000",
        "kv_name": "kvesenditdevesendit000",
        "rg_aks": "rg-esendit-dev-aks-ci",
        "rg_core": "rg-esendit-dev-core-ci",
        "rg_data": "rg-esendit-dev-data-ci",
        "subnet_aks_id": "/subscriptions/c824dfe2-906a-43cd-8c48-50f825e80036/resourceGroups/rg-esendit-dev-core-ci/providers/Microsoft.Network/virtualNetworks/vnet-esendit-dev-ci/subnets/aks-subnet",
        "subnet_private_ep_id": "/subscriptions/c824dfe2-906a-43cd-8c48-50f825e80036/resourceGroups/rg-esendit-dev-core-ci/providers/Microsoft.Network/virtualNetworks/vnet-esendit-dev-ci/subnets/private-endpoints-subnet",
        "vnet_id": "/subscriptions/c824dfe2-906a-43cd-8c48-50f825e80036/resourceGroups/rg-esendit-dev-core-ci/providers/Microsoft.Network/virtualNetworks/vnet-esendit-dev-ci"
      },
      "type": [
        "object",
        {
          "acr_id": "string",
          "acr_name": "string",
          "kv_id": "string",
          "kv_name": "string",
          "rg_aks": "string",
          "rg_core": "string",
          "rg_data": "string",
          "subnet_aks_id": "string",
          "subnet_private_ep_id": "string",
          "vnet_id": "string"
        }
      ]
    },
    "prod": {
      "value": {
        "acr_id": "/subscriptions/f2676fa6-f639-4102-9865-f638f6b2c6c2/resourceGroups/rg-esendit-prod-core-ci/providers/Microsoft.ContainerRegistry/registries/acresenditprodesendit000",
        "acr_name": "acresenditprodesendit000",
        "kv_id": "/subscriptions/f2676fa6-f639-4102-9865-f638f6b2c6c2/resourceGroups/rg-esendit-prod-core-ci/providers/Microsoft.KeyVault/vaults/kvesenditprodesendit000",
        "kv_name": "kvesenditprodesendit000",
        "rg_aks": "rg-esendit-prod-aks-ci",
        "rg_core": "rg-esendit-prod-core-ci",
        "rg_data": "rg-esendit-prod-data-ci",
        "subnet_aks_id": "/subscriptions/f2676fa6-f639-4102-9865-f638f6b2c6c2/resourceGroups/rg-esendit-prod-core-ci/providers/Microsoft.Network/virtualNetworks/vnet-esendit-prod-ci/subnets/aks-subnet",
        "subnet_private_ep_id": "/subscriptions/f2676fa6-f639-4102-9865-f638f6b2c6c2/resourceGroups/rg-esendit-prod-core-ci/providers/Microsoft.Network/virtualNetworks/vnet-esendit-prod-ci/subnets/private-endpoints-subnet",
        "vnet_id": "/subscriptions/f2676fa6-f639-4102-9865-f638f6b2c6c2/resourceGroups/rg-esendit-prod-core-ci/providers/Microsoft.Network/virtualNetworks/vnet-esendit-prod-ci"
      },
      "type": [
        "object",
        {
          "acr_id": "string",
          "acr_name": "string",
          "kv_id": "string",
          "kv_name": "string",
          "rg_aks": "string",
          "rg_core": "string",
          "rg_data": "string",
          "subnet_aks_id": "string",
          "subnet_private_ep_id": "string",
          "vnet_id": "string"
        }
      ]
    }
  },
  "resources": [
    {
      "module": "module.dev",
      "mode": "data",
      "type": "azurerm_client_config",
      "name": "current",
      "provider": "provider[\"registry.terraform.io/hashicorp/azurerm\"].dev",
      "instances": [
        {
          "schema_version": 0,
          "attributes": {
            "client_id": "04b07795-8ddb-461a-bbee-02f9e1bf7b46",
            "id": "Y2xpZW50Q29uZmlncy9jbGllbnRJZD0wNGIwNzc5NS04ZGRiLTQ2MWEtYmJlZS0wMmY5ZTFiZjdiNDY7b2JqZWN0SWQ9NTcyNmIyNDUtMmE5Mi00NWQ5LWE3ZTQtZjU2ZTlmYTI4NWM3O3N1YnNjcmlwdGlvbklkPWM4MjRkZmUyLTkwNmEtNDNjZC04YzQ4LTUwZjgyNWU4MDAzNjt0ZW5hbnRJZD03ZGRhN2RjMi1mYTBkLTQyNDItYTg1ZC0xNjkwN2Y2MzJhYmM=",
            "object_id": "5726b245-2a92-45d9-a7e4-f56e9fa285c7",
            "subscription_id": "c824dfe2-906a-43cd-8c48-50f825e80036",
            "tenant_id": "7dda7dc2-fa0d-4242-a85d-16907f632abc",
            "timeouts": null
          },
          "sensitive_attributes": [],
          "identity_schema_version": 0
        }
      ]
    },
    {
      "module": "module.dev",
      "mode": "managed",
      "type": "azurerm_container_registry",
      "name": "acr",
      "provider": "provider[\"registry.terraform.io/hashicorp/azurerm\"].dev",
      "instances": [
        {
          "schema_version": 2,
          "attributes": {
            "admin_enabled": false,
            "admin_password": "",
            "admin_username": "",
            "anonymous_pull_enabled": false,
            "data_endpoint_enabled": false,
            "data_endpoint_host_names": [],
            "encryption": [],
            "export_policy_enabled": true,
            "georeplications": [],
            "id": "/subscriptions/c824dfe2-906a-43cd-8c48-50f825e80036/resourceGroups/rg-esendit-dev-core-ci/providers/Microsoft.ContainerRegistry/registries/acresenditdevesendit000",
            "identity": [],
            "location": "centralindia",
            "login_server": "acresenditdevesendit000.azurecr.io",
            "name": "acresenditdevesendit000",
            "network_rule_bypass_option": "AzureServices",
            "network_rule_set": [],
            "public_network_access_enabled": true,
            "quarantine_policy_enabled": false,
            "resource_group_name": "rg-esendit-dev-core-ci",
            "retention_policy_in_days": 0,
            "sku": "Basic",
            "tags": {
              "app": "esendit",
              "costcenter": "esendit",
              "env": "dev",
              "owner": "admin",
              "region": "centralindia"
            },
            "timeouts": null,
            "trust_policy_enabled": false,
            "zone_redundancy_enabled": false
          },
          "sensitive_attributes": [
            [
              {
                "type": "get_attr",
                "value": "admin_password"
              }
            ]
          ],
          "identity_schema_version": 0,
          "private": "eyJlMmJmYjczMC1lY2FhLTExZTYtOGY4OC0zNDM2M2JjN2M0YzAiOnsiY3JlYXRlIjoxODAwMDAwMDAwMDAwLCJkZWxldGUiOjE4MDAwMDAwMDAwMDAsInJlYWQiOjMwMDAwMDAwMDAwMCwidXBkYXRlIjoxODAwMDAwMDAwMDAwfSwic2NoZW1hX3ZlcnNpb24iOiIyIn0=",
          "dependencies": [
            "module.dev.azurerm_resource_group.core"
          ]
        }
      ]
    },
    {
      "module": "module.dev",
      "mode": "managed",
      "type": "azurerm_key_vault",
      "name": "kv",
      "provider": "provider[\"registry.terraform.io/hashicorp/azurerm\"].dev",
      "instances": [
        {
          "schema_version": 2,
          "attributes": {
            "access_policy": [],
            "contact": [],
            "enable_rbac_authorization": true,
            "enabled_for_deployment": false,
            "enabled_for_disk_encryption": false,
            "enabled_for_template_deployment": false,
            "id": "/subscriptions/c824dfe2-906a-43cd-8c48-50f825e80036/resourceGroups/rg-esendit-dev-core-ci/providers/Microsoft.KeyVault/vaults/kvesenditdevesendit000",
            "location": "centralindia",
            "name": "kvesenditdevesendit000",
            "network_acls": [
              {
                "bypass": "AzureServices",
                "default_action": "Allow",
                "ip_rules": [],
                "virtual_network_subnet_ids": []
              }
            ],
            "public_network_access_enabled": true,
            "purge_protection_enabled": true,
            "rbac_authorization_enabled": true,
            "resource_group_name": "rg-esendit-dev-core-ci",
            "sku_name": "standard",
            "soft_delete_retention_days": 90,
            "tags": {
              "app": "esendit",
              "costcenter": "esendit",
              "env": "dev",
              "owner": "admin",
              "region": "centralindia"
            },
            "tenant_id": "7dda7dc2-fa0d-4242-a85d-16907f632abc",
            "timeouts": null,
            "vault_uri": "https://kvesenditdevesendit000.vault.azure.net/"
          },
          "sensitive_attributes": [],
          "identity_schema_version": 0,
          "private": "eyJlMmJmYjczMC1lY2FhLTExZTYtOGY4OC0zNDM2M2JjN2M0YzAiOnsiY3JlYXRlIjoxODAwMDAwMDAwMDAwLCJkZWxldGUiOjE4MDAwMDAwMDAwMDAsInJlYWQiOjMwMDAwMDAwMDAwMCwidXBkYXRlIjoxODAwMDAwMDAwMDAwfSwic2NoZW1hX3ZlcnNpb24iOiIyIn0=",
          "dependencies": [
            "module.dev.azurerm_resource_group.core",
            "module.dev.data.azurerm_client_config.current"
          ]
        }
      ]
    },
    {
      "module": "module.dev",
      "mode": "managed",
      "type": "azurerm_private_dns_zone",
      "name": "blob",
      "provider": "provider[\"registry.terraform.io/hashicorp/azurerm\"].dev",
      "instances": [
        {
          "schema_version": 0,
          "attributes": {
            "id": "/subscriptions/c824dfe2-906a-43cd-8c48-50f825e80036/resourceGroups/rg-esendit-dev-core-ci/providers/Microsoft.Network/privateDnsZones/privatelink.blob.core.cindows.net",
            "max_number_of_record_sets": 25000,
            "max_number_of_virtual_network_links": 1000,
            "max_number_of_virtual_network_links_with_registration": 100,
            "name": "privatelink.blob.core.cindows.net",
            "number_of_record_sets": 1,
            "resource_group_name": "rg-esendit-dev-core-ci",
            "soa_record": [
              {
                "email": "azureprivatedns-host.microsoft.com",
                "expire_time": 2419200,
                "fqdn": "privatelink.blob.core.cindows.net.",
                "host_name": "azureprivatedns.net",
                "minimum_ttl": 10,
                "refresh_time": 3600,
                "retry_time": 300,
                "serial_number": 1,
                "tags": {},
                "ttl": 3600
              }
            ],
            "tags": {
              "app": "esendit",
              "costcenter": "esendit",
              "env": "dev",
              "owner": "admin",
              "region": "centralindia"
            },
            "timeouts": null
          },
          "sensitive_attributes": [],
          "identity_schema_version": 0,
          "identity": {
            "name": "privatelink.blob.core.cindows.net",
            "resource_group_name": "rg-esendit-dev-core-ci",
            "subscription_id": "c824dfe2-906a-43cd-8c48-50f825e80036"
          },
          "private": "eyJlMmJmYjczMC1lY2FhLTExZTYtOGY4OC0zNDM2M2JjN2M0YzAiOnsiY3JlYXRlIjoxODAwMDAwMDAwMDAwLCJkZWxldGUiOjE4MDAwMDAwMDAwMDAsInJlYWQiOjMwMDAwMDAwMDAwMCwidXBkYXRlIjoxODAwMDAwMDAwMDAwfX0=",
          "dependencies": [
            "module.dev.azurerm_resource_group.core"
          ]
        }
      ]
    },
    {
      "module": "module.dev",
      "mode": "managed",
      "type": "azurerm_private_dns_zone",
      "name": "keyvault",
      "provider": "provider[\"registry.terraform.io/hashicorp/azurerm\"].dev",
      "instances": [
        {
          "schema_version": 0,
          "attributes": {
            "id": "/subscriptions/c824dfe2-906a-43cd-8c48-50f825e80036/resourceGroups/rg-esendit-dev-core-ci/providers/Microsoft.Network/privateDnsZones/privatelink.vaultcore.azure.net",
            "max_number_of_record_sets": 25000,
            "max_number_of_virtual_network_links": 1000,
            "max_number_of_virtual_network_links_with_registration": 100,
            "name": "privatelink.vaultcore.azure.net",
            "number_of_record_sets": 1,
            "resource_group_name": "rg-esendit-dev-core-ci",
            "soa_record": [
              {
                "email": "azureprivatedns-host.microsoft.com",
                "expire_time": 2419200,
                "fqdn": "privatelink.vaultcore.azure.net.",
                "host_name": "azureprivatedns.net",
                "minimum_ttl": 10,
                "refresh_time": 3600,
                "retry_time": 300,
                "serial_number": 1,
                "tags": {},
                "ttl": 3600
              }
            ],
            "tags": {
              "app": "esendit",
              "costcenter": "esendit",
              "env": "dev",
              "owner": "admin",
              "region": "centralindia"
            },
            "timeouts": null
          },
          "sensitive_attributes": [],
          "identity_schema_version": 0,
          "identity": {
            "name": "privatelink.vaultcore.azure.net",
            "resource_group_name": "rg-esendit-dev-core-ci",
            "subscription_id": "c824dfe2-906a-43cd-8c48-50f825e80036"
          },
          "private": "eyJlMmJmYjczMC1lY2FhLTExZTYtOGY4OC0zNDM2M2JjN2M0YzAiOnsiY3JlYXRlIjoxODAwMDAwMDAwMDAwLCJkZWxldGUiOjE4MDAwMDAwMDAwMDAsInJlYWQiOjMwMDAwMDAwMDAwMCwidXBkYXRlIjoxODAwMDAwMDAwMDAwfX0=",
          "dependencies": [
            "module.dev.azurerm_resource_group.core"
          ]
        }
      ]
    },
    {
      "module": "module.dev",
      "mode": "managed",
      "type": "azurerm_private_dns_zone_virtual_network_link",
      "name": "blob_link",
      "provider": "provider[\"registry.terraform.io/hashicorp/azurerm\"].dev",
      "instances": [
        {
          "schema_version": 0,
          "attributes": {
            "id": "/subscriptions/c824dfe2-906a-43cd-8c48-50f825e80036/resourceGroups/rg-esendit-dev-core-ci/providers/Microsoft.Network/privateDnsZones/privatelink.blob.core.cindows.net/virtualNetworkLinks/blob-link",
            "name": "blob-link",
            "private_dns_zone_name": "privatelink.blob.core.cindows.net",
            "registration_enabled": false,
            "resolution_policy": "Default",
            "resource_group_name": "rg-esendit-dev-core-ci",
            "tags": {},
            "timeouts": null,
            "virtual_network_id": "/subscriptions/c824dfe2-906a-43cd-8c48-50f825e80036/resourceGroups/rg-esendit-dev-core-ci/providers/Microsoft.Network/virtualNetworks/vnet-esendit-dev-ci"
          },
          "sensitive_attributes": [],
          "identity_schema_version": 0,
          "identity": {
            "name": "blob-link",
            "private_dns_zone_name": "privatelink.blob.core.cindows.net",
            "resource_group_name": "rg-esendit-dev-core-ci",
            "subscription_id": "c824dfe2-906a-43cd-8c48-50f825e80036"
          },
          "private": "eyJlMmJmYjczMC1lY2FhLTExZTYtOGY4OC0zNDM2M2JjN2M0YzAiOnsiY3JlYXRlIjoxODAwMDAwMDAwMDAwLCJkZWxldGUiOjE4MDAwMDAwMDAwMDAsInJlYWQiOjMwMDAwMDAwMDAwMCwidXBkYXRlIjoxODAwMDAwMDAwMDAwfX0=",
          "dependencies": [
            "module.dev.azurerm_private_dns_zone.blob",
            "module.dev.azurerm_resource_group.core",
            "module.dev.azurerm_virtual_network.vnet"
          ]
        }
      ]
    },
    {
      "module": "module.dev",
      "mode": "managed",
      "type": "azurerm_private_dns_zone_virtual_network_link",
      "name": "kv_link",
      "provider": "provider[\"registry.terraform.io/hashicorp/azurerm\"].dev",
      "instances": [
        {
          "schema_version": 0,
          "attributes": {
            "id": "/subscriptions/c824dfe2-906a-43cd-8c48-50f825e80036/resourceGroups/rg-esendit-dev-core-ci/providers/Microsoft.Network/privateDnsZones/privatelink.vaultcore.azure.net/virtualNetworkLinks/kv-link",
            "name": "kv-link",
            "private_dns_zone_name": "privatelink.vaultcore.azure.net",
            "registration_enabled": false,
            "resolution_policy": "Default",
            "resource_group_name": "rg-esendit-dev-core-ci",
            "tags": {},
            "timeouts": null,
            "virtual_network_id": "/subscriptions/c824dfe2-906a-43cd-8c48-50f825e80036/resourceGroups/rg-esendit-dev-core-ci/providers/Microsoft.Network/virtualNetworks/vnet-esendit-dev-ci"
          },
          "sensitive_attributes": [],
          "identity_schema_version": 0,
          "identity": {
            "name": "kv-link",
            "private_dns_zone_name": "privatelink.vaultcore.azure.net",
            "resource_group_name": "rg-esendit-dev-core-ci",
            "subscription_id": "c824dfe2-906a-43cd-8c48-50f825e80036"
          },
          "private": "eyJlMmJmYjczMC1lY2FhLTExZTYtOGY4OC0zNDM2M2JjN2M0YzAiOnsiY3JlYXRlIjoxODAwMDAwMDAwMDAwLCJkZWxldGUiOjE4MDAwMDAwMDAwMDAsInJlYWQiOjMwMDAwMDAwMDAwMCwidXBkYXRlIjoxODAwMDAwMDAwMDAwfX0=",
          "dependencies": [
            "module.dev.azurerm_private_dns_zone.keyvault",
            "module.dev.azurerm_resource_group.core",
            "module.dev.azurerm_virtual_network.vnet"
          ]
        }
      ]
    },
    {
      "module": "module.dev",
      "mode": "managed",
      "type": "azurerm_resource_group",
      "name": "aks",
      "provider": "provider[\"registry.terraform.io/hashicorp/azurerm\"].dev",
      "instances": [
        {
          "schema_version": 0,
          "attributes": {
            "id": "/subscriptions/c824dfe2-906a-43cd-8c48-50f825e80036/resourceGroups/rg-esendit-dev-aks-ci",
            "location": "centralindia",
            "managed_by": "",
            "name": "rg-esendit-dev-aks-ci",
            "tags": {
              "app": "esendit",
              "costcenter": "esendit",
              "env": "dev",
              "owner": "admin",
              "region": "centralindia"
            },
            "timeouts": null
          },
          "sensitive_attributes": [],
          "identity_schema_version": 0,
          "identity": {
            "name": "rg-esendit-dev-aks-ci",
            "subscription_id": "c824dfe2-906a-43cd-8c48-50f825e80036"
          },
          "private": "eyJlMmJmYjczMC1lY2FhLTExZTYtOGY4OC0zNDM2M2JjN2M0YzAiOnsiY3JlYXRlIjo1NDAwMDAwMDAwMDAwLCJkZWxldGUiOjU0MDAwMDAwMDAwMDAsInJlYWQiOjMwMDAwMDAwMDAwMCwidXBkYXRlIjo1NDAwMDAwMDAwMDAwfX0="
        }
      ]
    },
    {
      "module": "module.dev",
      "mode": "managed",
      "type": "azurerm_resource_group",
      "name": "core",
      "provider": "provider[\"registry.terraform.io/hashicorp/azurerm\"].dev",
      "instances": [
        {
          "schema_version": 0,
          "attributes": {
            "id": "/subscriptions/c824dfe2-906a-43cd-8c48-50f825e80036/resourceGroups/rg-esendit-dev-core-ci",
            "location": "centralindia",
            "managed_by": "",
            "name": "rg-esendit-dev-core-ci",
            "tags": {
              "app": "esendit",
              "costcenter": "esendit",
              "env": "dev",
              "owner": "admin",
              "region": "centralindia"
            },
            "timeouts": null
          },
          "sensitive_attributes": [],
          "identity_schema_version": 0,
          "identity": {
            "name": "rg-esendit-dev-core-ci",
            "subscription_id": "c824dfe2-906a-43cd-8c48-50f825e80036"
          },
          "private": "eyJlMmJmYjczMC1lY2FhLTExZTYtOGY4OC0zNDM2M2JjN2M0YzAiOnsiY3JlYXRlIjo1NDAwMDAwMDAwMDAwLCJkZWxldGUiOjU0MDAwMDAwMDAwMDAsInJlYWQiOjMwMDAwMDAwMDAwMCwidXBkYXRlIjo1NDAwMDAwMDAwMDAwfX0="
        }
      ]
    },
    {
      "module": "module.dev",
      "mode": "managed",
      "type": "azurerm_resource_group",
      "name": "data",
      "provider": "provider[\"registry.terraform.io/hashicorp/azurerm\"].dev",
      "instances": [
        {
          "schema_version": 0,
          "attributes": {
            "id": "/subscriptions/c824dfe2-906a-43cd-8c48-50f825e80036/resourceGroups/rg-esendit-dev-data-ci",
            "location": "centralindia",
            "managed_by": "",
            "name": "rg-esendit-dev-data-ci",
            "tags": {
              "app": "esendit",
              "costcenter": "esendit",
              "env": "dev",
              "owner": "admin",
              "region": "centralindia"
            },
            "timeouts": null
          },
          "sensitive_attributes": [],
          "identity_schema_version": 0,
          "identity": {
            "name": "rg-esendit-dev-data-ci",
            "subscription_id": "c824dfe2-906a-43cd-8c48-50f825e80036"
          },
          "private": "eyJlMmJmYjczMC1lY2FhLTExZTYtOGY4OC0zNDM2M2JjN2M0YzAiOnsiY3JlYXRlIjo1NDAwMDAwMDAwMDAwLCJkZWxldGUiOjU0MDAwMDAwMDAwMDAsInJlYWQiOjMwMDAwMDAwMDAwMCwidXBkYXRlIjo1NDAwMDAwMDAwMDAwfX0="
        }
      ]
    },
    {
      "module": "module.dev",
      "mode": "managed",
      "type": "azurerm_role_assignment",
      "name": "kv_admin",
      "provider": "provider[\"registry.terraform.io/hashicorp/azurerm\"].dev",
      "instances": [
        {
          "index_key": "5726b245-2a92-45d9-a7e4-f56e9fa285c7",
          "schema_version": 0,
          "attributes": {
            "condition": "",
            "condition_version": "",
            "delegated_managed_identity_resource_id": "",
            "description": "",
            "id": "/subscriptions/c824dfe2-906a-43cd-8c48-50f825e80036/resourceGroups/rg-esendit-dev-core-ci/providers/Microsoft.KeyVault/vaults/kvesenditdevesendit000/providers/Microsoft.Authorization/roleAssignments/280a4f6c-6042-c05e-3ae4-38615efa6b8d",
            "name": "280a4f6c-6042-c05e-3ae4-38615efa6b8d",
            "principal_id": "5726b245-2a92-45d9-a7e4-f56e9fa285c7",
            "principal_type": "User",
            "role_definition_id": "/subscriptions/c824dfe2-906a-43cd-8c48-50f825e80036/providers/Microsoft.Authorization/roleDefinitions/00482a5a-887f-4fb3-b363-3b7fe8e74483",
            "role_definition_name": "Key Vault Administrator",
            "scope": "/subscriptions/c824dfe2-906a-43cd-8c48-50f825e80036/resourceGroups/rg-esendit-dev-core-ci/providers/Microsoft.KeyVault/vaults/kvesenditdevesendit000",
            "skip_service_principal_aad_check": null,
            "timeouts": null
          },
          "sensitive_attributes": [],
          "identity_schema_version": 0,
          "private": "eyJlMmJmYjczMC1lY2FhLTExZTYtOGY4OC0zNDM2M2JjN2M0YzAiOnsiY3JlYXRlIjoxODAwMDAwMDAwMDAwLCJkZWxldGUiOjE4MDAwMDAwMDAwMDAsInJlYWQiOjMwMDAwMDAwMDAwMH19",
          "dependencies": [
            "module.dev.azurerm_key_vault.kv",
            "module.dev.azurerm_resource_group.core",
            "module.dev.data.azurerm_client_config.current"
          ]
        }
      ]
    },
    {
      "module": "module.dev",
      "mode": "managed",
      "type": "azurerm_subnet",
      "name": "aks",
      "provider": "provider[\"registry.terraform.io/hashicorp/azurerm\"].dev",
      "instances": [
        {
          "schema_version": 0,
          "attributes": {
            "address_prefixes": [
              "10.60.0.0/20"
            ],
            "default_outbound_access_enabled": true,
            "delegation": [],
            "id": "/subscriptions/c824dfe2-906a-43cd-8c48-50f825e80036/resourceGroups/rg-esendit-dev-core-ci/providers/Microsoft.Network/virtualNetworks/vnet-esendit-dev-ci/subnets/aks-subnet",
            "ip_address_pool": [],
            "name": "aks-subnet",
            "private_endpoint_network_policies": "Disabled",
            "private_link_service_network_policies_enabled": true,
            "resource_group_name": "rg-esendit-dev-core-ci",
            "service_endpoint_policy_ids": [],
            "service_endpoints": [],
            "sharing_scope": "",
            "timeouts": null,
            "virtual_network_name": "vnet-esendit-dev-ci"
          },
          "sensitive_attributes": [],
          "identity_schema_version": 0,
          "identity": {
            "name": "aks-subnet",
            "resource_group_name": "rg-esendit-dev-core-ci",
            "subscription_id": "c824dfe2-906a-43cd-8c48-50f825e80036",
            "virtual_network_name": "vnet-esendit-dev-ci"
          },
          "private": "eyJlMmJmYjczMC1lY2FhLTExZTYtOGY4OC0zNDM2M2JjN2M0YzAiOnsiY3JlYXRlIjoxODAwMDAwMDAwMDAwLCJkZWxldGUiOjE4MDAwMDAwMDAwMDAsInJlYWQiOjMwMDAwMDAwMDAwMCwidXBkYXRlIjoxODAwMDAwMDAwMDAwfX0=",
          "dependencies": [
            "module.dev.azurerm_resource_group.core",
            "module.dev.azurerm_virtual_network.vnet"
          ]
        }
      ]
    },
    {
      "module": "module.dev",
      "mode": "managed",
      "type": "azurerm_subnet",
      "name": "private_endpoints",
      "provider": "provider[\"registry.terraform.io/hashicorp/azurerm\"].dev",
      "instances": [
        {
          "schema_version": 0,
          "attributes": {
            "address_prefixes": [
              "10.60.16.0/24"
            ],
            "default_outbound_access_enabled": true,
            "delegation": [],
            "id": "/subscriptions/c824dfe2-906a-43cd-8c48-50f825e80036/resourceGroups/rg-esendit-dev-core-ci/providers/Microsoft.Network/virtualNetworks/vnet-esendit-dev-ci/subnets/private-endpoints-subnet",
            "ip_address_pool": [],
            "name": "private-endpoints-subnet",
            "private_endpoint_network_policies": "Disabled",
            "private_link_service_network_policies_enabled": true,
            "resource_group_name": "rg-esendit-dev-core-ci",
            "service_endpoint_policy_ids": [],
            "service_endpoints": [],
            "sharing_scope": "",
            "timeouts": null,
            "virtual_network_name": "vnet-esendit-dev-ci"
          },
          "sensitive_attributes": [],
          "identity_schema_version": 0,
          "identity": {
            "name": "private-endpoints-subnet",
            "resource_group_name": "rg-esendit-dev-core-ci",
            "subscription_id": "c824dfe2-906a-43cd-8c48-50f825e80036",
            "virtual_network_name": "vnet-esendit-dev-ci"
          },
          "private": "eyJlMmJmYjczMC1lY2FhLTExZTYtOGY4OC0zNDM2M2JjN2M0YzAiOnsiY3JlYXRlIjoxODAwMDAwMDAwMDAwLCJkZWxldGUiOjE4MDAwMDAwMDAwMDAsInJlYWQiOjMwMDAwMDAwMDAwMCwidXBkYXRlIjoxODAwMDAwMDAwMDAwfX0=",
          "dependencies": [
            "module.dev.azurerm_resource_group.core",
            "module.dev.azurerm_virtual_network.vnet"
          ]
        }
      ]
    },
    {
      "module": "module.dev",
      "mode": "managed",
      "type": "azurerm_virtual_network",
      "name": "vnet",
      "provider": "provider[\"registry.terraform.io/hashicorp/azurerm\"].dev",
      "instances": [
        {
          "schema_version": 0,
          "attributes": {
            "address_space": [
              "10.60.0.0/16"
            ],
            "bgp_community": "",
            "ddos_protection_plan": [],
            "dns_servers": [],
            "edge_zone": "",
            "encryption": [],
            "flow_timeout_in_minutes": 0,
            "guid": "6cb10858-cd1f-4c15-86dc-ee3a11591ad1",
            "id": "/subscriptions/c824dfe2-906a-43cd-8c48-50f825e80036/resourceGroups/rg-esendit-dev-core-ci/providers/Microsoft.Network/virtualNetworks/vnet-esendit-dev-ci",
            "ip_address_pool": [],
            "location": "centralindia",
            "name": "vnet-esendit-dev-ci",
            "private_endpoint_vnet_policies": "Disabled",
            "resource_group_name": "rg-esendit-dev-core-ci",
            "subnet": [
              {
                "address_prefixes": [
                  "10.60.0.0/20"
                ],
                "default_outbound_access_enabled": true,
                "delegation": [],
                "id": "/subscriptions/c824dfe2-906a-43cd-8c48-50f825e80036/resourceGroups/rg-esendit-dev-core-ci/providers/Microsoft.Network/virtualNetworks/vnet-esendit-dev-ci/subnets/aks-subnet",
                "name": "aks-subnet",
                "private_endpoint_network_policies": "Disabled",
                "private_link_service_network_policies_enabled": true,
                "route_table_id": "",
                "security_group": "",
                "service_endpoint_policy_ids": [],
                "service_endpoints": []
              },
              {
                "address_prefixes": [
                  "10.60.16.0/24"
                ],
                "default_outbound_access_enabled": true,
                "delegation": [],
                "id": "/subscriptions/c824dfe2-906a-43cd-8c48-50f825e80036/resourceGroups/rg-esendit-dev-core-ci/providers/Microsoft.Network/virtualNetworks/vnet-esendit-dev-ci/subnets/private-endpoints-subnet",
                "name": "private-endpoints-subnet",
                "private_endpoint_network_policies": "Disabled",
                "private_link_service_network_policies_enabled": true,
                "route_table_id": "",
                "security_group": "",
                "service_endpoint_policy_ids": [],
                "service_endpoints": []
              }
            ],
            "tags": {
              "app": "esendit",
              "costcenter": "esendit",
              "env": "dev",
              "owner": "admin",
              "region": "centralindia"
            },
            "timeouts": null
          },
          "sensitive_attributes": [],
          "identity_schema_version": 0,
          "identity": {
            "name": "vnet-esendit-dev-ci",
            "resource_group_name": "rg-esendit-dev-core-ci",
            "subscription_id": "c824dfe2-906a-43cd-8c48-50f825e80036"
          },
          "private": "eyJlMmJmYjczMC1lY2FhLTExZTYtOGY4OC0zNDM2M2JjN2M0YzAiOnsiY3JlYXRlIjoxODAwMDAwMDAwMDAwLCJkZWxldGUiOjE4MDAwMDAwMDAwMDAsInJlYWQiOjMwMDAwMDAwMDAwMCwidXBkYXRlIjoxODAwMDAwMDAwMDAwfX0=",
          "dependencies": [
            "module.dev.azurerm_resource_group.core"
          ]
        }
      ]
    },
    {
      "module": "module.prod",
      "mode": "data",
      "type": "azurerm_client_config",
      "name": "current",
      "provider": "provider[\"registry.terraform.io/hashicorp/azurerm\"].prod",
      "instances": [
        {
          "schema_version": 0,
          "attributes": {
            "client_id": "04b07795-8ddb-461a-bbee-02f9e1bf7b46",
            "id": "Y2xpZW50Q29uZmlncy9jbGllbnRJZD0wNGIwNzc5NS04ZGRiLTQ2MWEtYmJlZS0wMmY5ZTFiZjdiNDY7b2JqZWN0SWQ9NTcyNmIyNDUtMmE5Mi00NWQ5LWE3ZTQtZjU2ZTlmYTI4NWM3O3N1YnNjcmlwdGlvbklkPWYyNjc2ZmE2LWY2MzktNDEwMi05ODY1LWY2MzhmNmIyYzZjMjt0ZW5hbnRJZD03ZGRhN2RjMi1mYTBkLTQyNDItYTg1ZC0xNjkwN2Y2MzJhYmM=",
            "object_id": "5726b245-2a92-45d9-a7e4-f56e9fa285c7",
            "subscription_id": "f2676fa6-f639-4102-9865-f638f6b2c6c2",
            "tenant_id": "7dda7dc2-fa0d-4242-a85d-16907f632abc",
            "timeouts": null
          },
          "sensitive_attributes": [],
          "identity_schema_version": 0
        }
      ]
    },
    {
      "module": "module.prod",
      "mode": "managed",
      "type": "azurerm_container_registry",
      "name": "acr",
      "provider": "provider[\"registry.terraform.io/hashicorp/azurerm\"].prod",
      "instances": [
        {
          "schema_version": 2,
          "attributes": {
            "admin_enabled": false,
            "admin_password": "",
            "admin_username": "",
            "anonymous_pull_enabled": false,
            "data_endpoint_enabled": false,
            "data_endpoint_host_names": [],
            "encryption": [],
            "export_policy_enabled": true,
            "georeplications": [],
            "id": "/subscriptions/f2676fa6-f639-4102-9865-f638f6b2c6c2/resourceGroups/rg-esendit-prod-core-ci/providers/Microsoft.ContainerRegistry/registries/acresenditprodesendit000",
            "identity": [],
            "location": "centralindia",
            "login_server": "acresenditprodesendit000.azurecr.io",
            "name": "acresenditprodesendit000",
            "network_rule_bypass_option": "AzureServices",
            "network_rule_set": [],
            "public_network_access_enabled": true,
            "quarantine_policy_enabled": false,
            "resource_group_name": "rg-esendit-prod-core-ci",
            "retention_policy_in_days": 0,
            "sku": "Basic",
            "tags": {
              "app": "esendit",
              "costcenter": "esendit",
              "env": "prod",
              "owner": "admin",
              "region": "centralindia"
            },
            "timeouts": null,
            "trust_policy_enabled": false,
            "zone_redundancy_enabled": false
          },
          "sensitive_attributes": [
            [
              {
                "type": "get_attr",
                "value": "admin_password"
              }
            ]
          ],
          "identity_schema_version": 0,
          "private": "eyJlMmJmYjczMC1lY2FhLTExZTYtOGY4OC0zNDM2M2JjN2M0YzAiOnsiY3JlYXRlIjoxODAwMDAwMDAwMDAwLCJkZWxldGUiOjE4MDAwMDAwMDAwMDAsInJlYWQiOjMwMDAwMDAwMDAwMCwidXBkYXRlIjoxODAwMDAwMDAwMDAwfSwic2NoZW1hX3ZlcnNpb24iOiIyIn0=",
          "dependencies": [
            "module.prod.azurerm_resource_group.core"
          ]
        }
      ]
    },
    {
      "module": "module.prod",
      "mode": "managed",
      "type": "azurerm_key_vault",
      "name": "kv",
      "provider": "provider[\"registry.terraform.io/hashicorp/azurerm\"].prod",
      "instances": [
        {
          "schema_version": 2,
          "attributes": {
            "access_policy": [],
            "contact": [],
            "enable_rbac_authorization": true,
            "enabled_for_deployment": false,
            "enabled_for_disk_encryption": false,
            "enabled_for_template_deployment": false,
            "id": "/subscriptions/f2676fa6-f639-4102-9865-f638f6b2c6c2/resourceGroups/rg-esendit-prod-core-ci/providers/Microsoft.KeyVault/vaults/kvesenditprodesendit000",
            "location": "centralindia",
            "name": "kvesenditprodesendit000",
            "network_acls": [
              {
                "bypass": "AzureServices",
                "default_action": "Allow",
                "ip_rules": [],
                "virtual_network_subnet_ids": []
              }
            ],
            "public_network_access_enabled": true,
            "purge_protection_enabled": true,
            "rbac_authorization_enabled": true,
            "resource_group_name": "rg-esendit-prod-core-ci",
            "sku_name": "standard",
            "soft_delete_retention_days": 90,
            "tags": {
              "app": "esendit",
              "costcenter": "esendit",
              "env": "prod",
              "owner": "admin",
              "region": "centralindia"
            },
            "tenant_id": "7dda7dc2-fa0d-4242-a85d-16907f632abc",
            "timeouts": null,
            "vault_uri": "https://kvesenditprodesendit000.vault.azure.net/"
          },
          "sensitive_attributes": [],
          "identity_schema_version": 0,
          "private": "eyJlMmJmYjczMC1lY2FhLTExZTYtOGY4OC0zNDM2M2JjN2M0YzAiOnsiY3JlYXRlIjoxODAwMDAwMDAwMDAwLCJkZWxldGUiOjE4MDAwMDAwMDAwMDAsInJlYWQiOjMwMDAwMDAwMDAwMCwidXBkYXRlIjoxODAwMDAwMDAwMDAwfSwic2NoZW1hX3ZlcnNpb24iOiIyIn0=",
          "dependencies": [
            "module.prod.azurerm_resource_group.core",
            "module.prod.data.azurerm_client_config.current"
          ]
        }
      ]
    },
    {
      "module": "module.prod",
      "mode": "managed",
      "type": "azurerm_private_dns_zone",
      "name": "blob",
      "provider": "provider[\"registry.terraform.io/hashicorp/azurerm\"].prod",
      "instances": [
        {
          "schema_version": 0,
          "attributes": {
            "id": "/subscriptions/f2676fa6-f639-4102-9865-f638f6b2c6c2/resourceGroups/rg-esendit-prod-core-ci/providers/Microsoft.Network/privateDnsZones/privatelink.blob.core.cindows.net",
            "max_number_of_record_sets": 25000,
            "max_number_of_virtual_network_links": 1000,
            "max_number_of_virtual_network_links_with_registration": 100,
            "name": "privatelink.blob.core.cindows.net",
            "number_of_record_sets": 1,
            "resource_group_name": "rg-esendit-prod-core-ci",
            "soa_record": [
              {
                "email": "azureprivatedns-host.microsoft.com",
                "expire_time": 2419200,
                "fqdn": "privatelink.blob.core.cindows.net.",
                "host_name": "azureprivatedns.net",
                "minimum_ttl": 10,
                "refresh_time": 3600,
                "retry_time": 300,
                "serial_number": 1,
                "tags": {},
                "ttl": 3600
              }
            ],
            "tags": {
              "app": "esendit",
              "costcenter": "esendit",
              "env": "prod",
              "owner": "admin",
              "region": "centralindia"
            },
            "timeouts": null
          },
          "sensitive_attributes": [],
          "identity_schema_version": 0,
          "identity": {
            "name": "privatelink.blob.core.cindows.net",
            "resource_group_name": "rg-esendit-prod-core-ci",
            "subscription_id": "f2676fa6-f639-4102-9865-f638f6b2c6c2"
          },
          "private": "eyJlMmJmYjczMC1lY2FhLTExZTYtOGY4OC0zNDM2M2JjN2M0YzAiOnsiY3JlYXRlIjoxODAwMDAwMDAwMDAwLCJkZWxldGUiOjE4MDAwMDAwMDAwMDAsInJlYWQiOjMwMDAwMDAwMDAwMCwidXBkYXRlIjoxODAwMDAwMDAwMDAwfX0=",
          "dependencies": [
            "module.prod.azurerm_resource_group.core"
          ]
        }
      ]
    },
    {
      "module": "module.prod",
      "mode": "managed",
      "type": "azurerm_private_dns_zone",
      "name": "keyvault",
      "provider": "provider[\"registry.terraform.io/hashicorp/azurerm\"].prod",
      "instances": [
        {
          "schema_version": 0,
          "attributes": {
            "id": "/subscriptions/f2676fa6-f639-4102-9865-f638f6b2c6c2/resourceGroups/rg-esendit-prod-core-ci/providers/Microsoft.Network/privateDnsZones/privatelink.vaultcore.azure.net",
            "max_number_of_record_sets": 25000,
            "max_number_of_virtual_network_links": 1000,
            "max_number_of_virtual_network_links_with_registration": 100,
            "name": "privatelink.vaultcore.azure.net",
            "number_of_record_sets": 1,
            "resource_group_name": "rg-esendit-prod-core-ci",
            "soa_record": [
              {
                "email": "azureprivatedns-host.microsoft.com",
                "expire_time": 2419200,
                "fqdn": "privatelink.vaultcore.azure.net.",
                "host_name": "azureprivatedns.net",
                "minimum_ttl": 10,
                "refresh_time": 3600,
                "retry_time": 300,
                "serial_number": 1,
                "tags": {},
                "ttl": 3600
              }
            ],
            "tags": {
              "app": "esendit",
              "costcenter": "esendit",
              "env": "prod",
              "owner": "admin",
              "region": "centralindia"
            },
            "timeouts": null
          },
          "sensitive_attributes": [],
          "identity_schema_version": 0,
          "identity": {
            "name": "privatelink.vaultcore.azure.net",
            "resource_group_name": "rg-esendit-prod-core-ci",
            "subscription_id": "f2676fa6-f639-4102-9865-f638f6b2c6c2"
          },
          "private": "eyJlMmJmYjczMC1lY2FhLTExZTYtOGY4OC0zNDM2M2JjN2M0YzAiOnsiY3JlYXRlIjoxODAwMDAwMDAwMDAwLCJkZWxldGUiOjE4MDAwMDAwMDAwMDAsInJlYWQiOjMwMDAwMDAwMDAwMCwidXBkYXRlIjoxODAwMDAwMDAwMDAwfX0=",
          "dependencies": [
            "module.prod.azurerm_resource_group.core"
          ]
        }
      ]
    },
    {
      "module": "module.prod",
      "mode": "managed",
      "type": "azurerm_private_dns_zone_virtual_network_link",
      "name": "blob_link",
      "provider": "provider[\"registry.terraform.io/hashicorp/azurerm\"].prod",
      "instances": [
        {
          "schema_version": 0,
          "attributes": {
            "id": "/subscriptions/f2676fa6-f639-4102-9865-f638f6b2c6c2/resourceGroups/rg-esendit-prod-core-ci/providers/Microsoft.Network/privateDnsZones/privatelink.blob.core.cindows.net/virtualNetworkLinks/blob-link",
            "name": "blob-link",
            "private_dns_zone_name": "privatelink.blob.core.cindows.net",
            "registration_enabled": false,
            "resolution_policy": "Default",
            "resource_group_name": "rg-esendit-prod-core-ci",
            "tags": {},
            "timeouts": null,
            "virtual_network_id": "/subscriptions/f2676fa6-f639-4102-9865-f638f6b2c6c2/resourceGroups/rg-esendit-prod-core-ci/providers/Microsoft.Network/virtualNetworks/vnet-esendit-prod-ci"
          },
          "sensitive_attributes": [],
          "identity_schema_version": 0,
          "identity": {
            "name": "blob-link",
            "private_dns_zone_name": "privatelink.blob.core.cindows.net",
            "resource_group_name": "rg-esendit-prod-core-ci",
            "subscription_id": "f2676fa6-f639-4102-9865-f638f6b2c6c2"
          },
          "private": "eyJlMmJmYjczMC1lY2FhLTExZTYtOGY4OC0zNDM2M2JjN2M0YzAiOnsiY3JlYXRlIjoxODAwMDAwMDAwMDAwLCJkZWxldGUiOjE4MDAwMDAwMDAwMDAsInJlYWQiOjMwMDAwMDAwMDAwMCwidXBkYXRlIjoxODAwMDAwMDAwMDAwfX0=",
          "dependencies": [
            "module.prod.azurerm_private_dns_zone.blob",
            "module.prod.azurerm_resource_group.core",
            "module.prod.azurerm_virtual_network.vnet"
          ]
        }
      ]
    },
    {
      "module": "module.prod",
      "mode": "managed",
      "type": "azurerm_private_dns_zone_virtual_network_link",
      "name": "kv_link",
      "provider": "provider[\"registry.terraform.io/hashicorp/azurerm\"].prod",
      "instances": [
        {
          "schema_version": 0,
          "attributes": {
            "id": "/subscriptions/f2676fa6-f639-4102-9865-f638f6b2c6c2/resourceGroups/rg-esendit-prod-core-ci/providers/Microsoft.Network/privateDnsZones/privatelink.vaultcore.azure.net/virtualNetworkLinks/kv-link",
            "name": "kv-link",
            "private_dns_zone_name": "privatelink.vaultcore.azure.net",
            "registration_enabled": false,
            "resolution_policy": "Default",
            "resource_group_name": "rg-esendit-prod-core-ci",
            "tags": {},
            "timeouts": null,
            "virtual_network_id": "/subscriptions/f2676fa6-f639-4102-9865-f638f6b2c6c2/resourceGroups/rg-esendit-prod-core-ci/providers/Microsoft.Network/virtualNetworks/vnet-esendit-prod-ci"
          },
          "sensitive_attributes": [],
          "identity_schema_version": 0,
          "identity": {
            "name": "kv-link",
            "private_dns_zone_name": "privatelink.vaultcore.azure.net",
            "resource_group_name": "rg-esendit-prod-core-ci",
            "subscription_id": "f2676fa6-f639-4102-9865-f638f6b2c6c2"
          },
          "private": "eyJlMmJmYjczMC1lY2FhLTExZTYtOGY4OC0zNDM2M2JjN2M0YzAiOnsiY3JlYXRlIjoxODAwMDAwMDAwMDAwLCJkZWxldGUiOjE4MDAwMDAwMDAwMDAsInJlYWQiOjMwMDAwMDAwMDAwMCwidXBkYXRlIjoxODAwMDAwMDAwMDAwfX0=",
          "dependencies": [
            "module.prod.azurerm_private_dns_zone.keyvault",
            "module.prod.azurerm_resource_group.core",
            "module.prod.azurerm_virtual_network.vnet"
          ]
        }
      ]
    },
    {
      "module": "module.prod",
      "mode": "managed",
      "type": "azurerm_resource_group",
      "name": "aks",
      "provider": "provider[\"registry.terraform.io/hashicorp/azurerm\"].prod",
      "instances": [
        {
          "schema_version": 0,
          "attributes": {
            "id": "/subscriptions/f2676fa6-f639-4102-9865-f638f6b2c6c2/resourceGroups/rg-esendit-prod-aks-ci",
            "location": "centralindia",
            "managed_by": "",
            "name": "rg-esendit-prod-aks-ci",
            "tags": {
              "app": "esendit",
              "costcenter": "esendit",
              "env": "prod",
              "owner": "admin",
              "region": "centralindia"
            },
            "timeouts": null
          },
          "sensitive_attributes": [],
          "identity_schema_version": 0,
          "identity": {
            "name": "rg-esendit-prod-aks-ci",
            "subscription_id": "f2676fa6-f639-4102-9865-f638f6b2c6c2"
          },
          "private": "eyJlMmJmYjczMC1lY2FhLTExZTYtOGY4OC0zNDM2M2JjN2M0YzAiOnsiY3JlYXRlIjo1NDAwMDAwMDAwMDAwLCJkZWxldGUiOjU0MDAwMDAwMDAwMDAsInJlYWQiOjMwMDAwMDAwMDAwMCwidXBkYXRlIjo1NDAwMDAwMDAwMDAwfX0="
        }
      ]
    },
    {
      "module": "module.prod",
      "mode": "managed",
      "type": "azurerm_resource_group",
      "name": "core",
      "provider": "provider[\"registry.terraform.io/hashicorp/azurerm\"].prod",
      "instances": [
        {
          "schema_version": 0,
          "attributes": {
            "id": "/subscriptions/f2676fa6-f639-4102-9865-f638f6b2c6c2/resourceGroups/rg-esendit-prod-core-ci",
            "location": "centralindia",
            "managed_by": "",
            "name": "rg-esendit-prod-core-ci",
            "tags": {
              "app": "esendit",
              "costcenter": "esendit",
              "env": "prod",
              "owner": "admin",
              "region": "centralindia"
            },
            "timeouts": null
          },
          "sensitive_attributes": [],
          "identity_schema_version": 0,
          "identity": {
            "name": "rg-esendit-prod-core-ci",
            "subscription_id": "f2676fa6-f639-4102-9865-f638f6b2c6c2"
          },
          "private": "eyJlMmJmYjczMC1lY2FhLTExZTYtOGY4OC0zNDM2M2JjN2M0YzAiOnsiY3JlYXRlIjo1NDAwMDAwMDAwMDAwLCJkZWxldGUiOjU0MDAwMDAwMDAwMDAsInJlYWQiOjMwMDAwMDAwMDAwMCwidXBkYXRlIjo1NDAwMDAwMDAwMDAwfX0="
        }
      ]
    },
    {
      "module": "module.prod",
      "mode": "managed",
      "type": "azurerm_resource_group",
      "name": "data",
      "provider": "provider[\"registry.terraform.io/hashicorp/azurerm\"].prod",
      "instances": [
        {
          "schema_version": 0,
          "attributes": {
            "id": "/subscriptions/f2676fa6-f639-4102-9865-f638f6b2c6c2/resourceGroups/rg-esendit-prod-data-ci",
            "location": "centralindia",
            "managed_by": "",
            "name": "rg-esendit-prod-data-ci",
            "tags": {
              "app": "esendit",
              "costcenter": "esendit",
              "env": "prod",
              "owner": "admin",
              "region": "centralindia"
            },
            "timeouts": null
          },
          "sensitive_attributes": [],
          "identity_schema_version": 0,
          "identity": {
            "name": "rg-esendit-prod-data-ci",
            "subscription_id": "f2676fa6-f639-4102-9865-f638f6b2c6c2"
          },
          "private": "eyJlMmJmYjczMC1lY2FhLTExZTYtOGY4OC0zNDM2M2JjN2M0YzAiOnsiY3JlYXRlIjo1NDAwMDAwMDAwMDAwLCJkZWxldGUiOjU0MDAwMDAwMDAwMDAsInJlYWQiOjMwMDAwMDAwMDAwMCwidXBkYXRlIjo1NDAwMDAwMDAwMDAwfX0="
        }
      ]
    },
    {
      "module": "module.prod",
      "mode": "managed",
      "type": "azurerm_role_assignment",
      "name": "kv_admin",
      "provider": "provider[\"registry.terraform.io/hashicorp/azurerm\"].prod",
      "instances": [
        {
          "index_key": "5726b245-2a92-45d9-a7e4-f56e9fa285c7",
          "schema_version": 0,
          "attributes": {
            "condition": "",
            "condition_version": "",
            "delegated_managed_identity_resource_id": "",
            "description": "",
            "id": "/subscriptions/f2676fa6-f639-4102-9865-f638f6b2c6c2/resourceGroups/rg-esendit-prod-core-ci/providers/Microsoft.KeyVault/vaults/kvesenditprodesendit000/providers/Microsoft.Authorization/roleAssignments/e8f4f840-d824-3ea9-58f3-5be6b25dcc59",
            "name": "e8f4f840-d824-3ea9-58f3-5be6b25dcc59",
            "principal_id": "5726b245-2a92-45d9-a7e4-f56e9fa285c7",
            "principal_type": "User",
            "role_definition_id": "/subscriptions/f2676fa6-f639-4102-9865-f638f6b2c6c2/providers/Microsoft.Authorization/roleDefinitions/00482a5a-887f-4fb3-b363-3b7fe8e74483",
            "role_definition_name": "Key Vault Administrator",
            "scope": "/subscriptions/f2676fa6-f639-4102-9865-f638f6b2c6c2/resourceGroups/rg-esendit-prod-core-ci/providers/Microsoft.KeyVault/vaults/kvesenditprodesendit000",
            "skip_service_principal_aad_check": null,
            "timeouts": null
          },
          "sensitive_attributes": [],
          "identity_schema_version": 0,
          "private": "eyJlMmJmYjczMC1lY2FhLTExZTYtOGY4OC0zNDM2M2JjN2M0YzAiOnsiY3JlYXRlIjoxODAwMDAwMDAwMDAwLCJkZWxldGUiOjE4MDAwMDAwMDAwMDAsInJlYWQiOjMwMDAwMDAwMDAwMH19",
          "dependencies": [
            "module.prod.azurerm_key_vault.kv",
            "module.prod.azurerm_resource_group.core",
            "module.prod.data.azurerm_client_config.current"
          ]
        }
      ]
    },
    {
      "module": "module.prod",
      "mode": "managed",
      "type": "azurerm_subnet",
      "name": "aks",
      "provider": "provider[\"registry.terraform.io/hashicorp/azurerm\"].prod",
      "instances": [
        {
          "schema_version": 0,
          "attributes": {
            "address_prefixes": [
              "10.61.0.0/20"
            ],
            "default_outbound_access_enabled": true,
            "delegation": [],
            "id": "/subscriptions/f2676fa6-f639-4102-9865-f638f6b2c6c2/resourceGroups/rg-esendit-prod-core-ci/providers/Microsoft.Network/virtualNetworks/vnet-esendit-prod-ci/subnets/aks-subnet",
            "ip_address_pool": [],
            "name": "aks-subnet",
            "private_endpoint_network_policies": "Disabled",
            "private_link_service_network_policies_enabled": true,
            "resource_group_name": "rg-esendit-prod-core-ci",
            "service_endpoint_policy_ids": [],
            "service_endpoints": [],
            "sharing_scope": "",
            "timeouts": null,
            "virtual_network_name": "vnet-esendit-prod-ci"
          },
          "sensitive_attributes": [],
          "identity_schema_version": 0,
          "identity": {
            "name": "aks-subnet",
            "resource_group_name": "rg-esendit-prod-core-ci",
            "subscription_id": "f2676fa6-f639-4102-9865-f638f6b2c6c2",
            "virtual_network_name": "vnet-esendit-prod-ci"
          },
          "private": "eyJlMmJmYjczMC1lY2FhLTExZTYtOGY4OC0zNDM2M2JjN2M0YzAiOnsiY3JlYXRlIjoxODAwMDAwMDAwMDAwLCJkZWxldGUiOjE4MDAwMDAwMDAwMDAsInJlYWQiOjMwMDAwMDAwMDAwMCwidXBkYXRlIjoxODAwMDAwMDAwMDAwfX0=",
          "dependencies": [
            "module.prod.azurerm_resource_group.core",
            "module.prod.azurerm_virtual_network.vnet"
          ]
        }
      ]
    },
    {
      "module": "module.prod",
      "mode": "managed",
      "type": "azurerm_subnet",
      "name": "private_endpoints",
      "provider": "provider[\"registry.terraform.io/hashicorp/azurerm\"].prod",
      "instances": [
        {
          "schema_version": 0,
          "attributes": {
            "address_prefixes": [
              "10.61.16.0/24"
            ],
            "default_outbound_access_enabled": true,
            "delegation": [],
            "id": "/subscriptions/f2676fa6-f639-4102-9865-f638f6b2c6c2/resourceGroups/rg-esendit-prod-core-ci/providers/Microsoft.Network/virtualNetworks/vnet-esendit-prod-ci/subnets/private-endpoints-subnet",
            "ip_address_pool": [],
            "name": "private-endpoints-subnet",
            "private_endpoint_network_policies": "Disabled",
            "private_link_service_network_policies_enabled": true,
            "resource_group_name": "rg-esendit-prod-core-ci",
            "service_endpoint_policy_ids": [],
            "service_endpoints": [],
            "sharing_scope": "",
            "timeouts": null,
            "virtual_network_name": "vnet-esendit-prod-ci"
          },
          "sensitive_attributes": [],
          "identity_schema_version": 0,
          "identity": {
            "name": "private-endpoints-subnet",
            "resource_group_name": "rg-esendit-prod-core-ci",
            "subscription_id": "f2676fa6-f639-4102-9865-f638f6b2c6c2",
            "virtual_network_name": "vnet-esendit-prod-ci"
          },
          "private": "eyJlMmJmYjczMC1lY2FhLTExZTYtOGY4OC0zNDM2M2JjN2M0YzAiOnsiY3JlYXRlIjoxODAwMDAwMDAwMDAwLCJkZWxldGUiOjE4MDAwMDAwMDAwMDAsInJlYWQiOjMwMDAwMDAwMDAwMCwidXBkYXRlIjoxODAwMDAwMDAwMDAwfX0=",
          "dependencies": [
            "module.prod.azurerm_resource_group.core",
            "module.prod.azurerm_virtual_network.vnet"
          ]
        }
      ]
    },
    {
      "module": "module.prod",
      "mode": "managed",
      "type": "azurerm_virtual_network",
      "name": "vnet",
      "provider": "provider[\"registry.terraform.io/hashicorp/azurerm\"].prod",
      "instances": [
        {
          "schema_version": 0,
          "attributes": {
            "address_space": [
              "10.61.0.0/16"
            ],
            "bgp_community": "",
            "ddos_protection_plan": [],
            "dns_servers": [],
            "edge_zone": "",
            "encryption": [],
            "flow_timeout_in_minutes": 0,
            "guid": "5a32a3f3-08d2-4008-bfc3-3c347f1488db",
            "id": "/subscriptions/f2676fa6-f639-4102-9865-f638f6b2c6c2/resourceGroups/rg-esendit-prod-core-ci/providers/Microsoft.Network/virtualNetworks/vnet-esendit-prod-ci",
            "ip_address_pool": [],
            "location": "centralindia",
            "name": "vnet-esendit-prod-ci",
            "private_endpoint_vnet_policies": "Disabled",
            "resource_group_name": "rg-esendit-prod-core-ci",
            "subnet": [
              {
                "address_prefixes": [
                  "10.61.0.0/20"
                ],
                "default_outbound_access_enabled": true,
                "delegation": [],
                "id": "/subscriptions/f2676fa6-f639-4102-9865-f638f6b2c6c2/resourceGroups/rg-esendit-prod-core-ci/providers/Microsoft.Network/virtualNetworks/vnet-esendit-prod-ci/subnets/aks-subnet",
                "name": "aks-subnet",
                "private_endpoint_network_policies": "Disabled",
                "private_link_service_network_policies_enabled": true,
                "route_table_id": "",
                "security_group": "",
                "service_endpoint_policy_ids": [],
                "service_endpoints": []
              },
              {
                "address_prefixes": [
                  "10.61.16.0/24"
                ],
                "default_outbound_access_enabled": true,
                "delegation": [],
                "id": "/subscriptions/f2676fa6-f639-4102-9865-f638f6b2c6c2/resourceGroups/rg-esendit-prod-core-ci/providers/Microsoft.Network/virtualNetworks/vnet-esendit-prod-ci/subnets/private-endpoints-subnet",
                "name": "private-endpoints-subnet",
                "private_endpoint_network_policies": "Disabled",
                "private_link_service_network_policies_enabled": true,
                "route_table_id": "",
                "security_group": "",
                "service_endpoint_policy_ids": [],
                "service_endpoints": []
              }
            ],
            "tags": {
              "app": "esendit",
              "costcenter": "esendit",
              "env": "prod",
              "owner": "admin",
              "region": "centralindia"
            },
            "timeouts": null
          },
          "sensitive_attributes": [],
          "identity_schema_version": 0,
          "identity": {
            "name": "vnet-esendit-prod-ci",
            "resource_group_name": "rg-esendit-prod-core-ci",
            "subscription_id": "f2676fa6-f639-4102-9865-f638f6b2c6c2"
          },
          "private": "eyJlMmJmYjczMC1lY2FhLTExZTYtOGY4OC0zNDM2M2JjN2M0YzAiOnsiY3JlYXRlIjoxODAwMDAwMDAwMDAwLCJkZWxldGUiOjE4MDAwMDAwMDAwMDAsInJlYWQiOjMwMDAwMDAwMDAwMCwidXBkYXRlIjoxODAwMDAwMDAwMDAwfX0=",
          "dependencies": [
            "module.prod.azurerm_resource_group.core"
          ]
        }
      ]
    }
  ],
  "check_results": null
}
