{
  "version": 4,
  "terraform_version": "1.13.1",
  "serial": 27,
  "lineage": "1840055e-c94e-aa29-bca3-ebefa9da64bf",
  "outputs": {},
  "resources": [
    {
      "module": "module.dev",
      "mode": "data",
      "type": "azurerm_client_config",
      "name": "current",
      "provider": "provider[\"registry.terraform.io/hashicorp/azurerm\"].dev",
      "instances": [
        {
          "schema_version": 0,
          "attributes": {
            "client_id": "04b07795-8ddb-461a-bbee-02f9e1bf7b46",
            "id": "Y2xpZW50Q29uZmlncy9jbGllbnRJZD0wNGIwNzc5NS04ZGRiLTQ2MWEtYmJlZS0wMmY5ZTFiZjdiNDY7b2JqZWN0SWQ9NTcyNmIyNDUtMmE5Mi00NWQ5LWE3ZTQtZjU2ZTlmYTI4NWM3O3N1YnNjcmlwdGlvbklkPWM4MjRkZmUyLTkwNmEtNDNjZC04YzQ4LTUwZjgyNWU4MDAzNjt0ZW5hbnRJZD03ZGRhN2RjMi1mYTBkLTQyNDItYTg1ZC0xNjkwN2Y2MzJhYmM=",
            "object_id": "5726b245-2a92-45d9-a7e4-f56e9fa285c7",
            "subscription_id": "c824dfe2-906a-43cd-8c48-50f825e80036",
            "tenant_id": "7dda7dc2-fa0d-4242-a85d-16907f632abc",
            "timeouts": null
          },
          "sensitive_attributes": [],
          "identity_schema_version": 0
        }
      ]
    },
    {
      "module": "module.dev",
      "mode": "managed",
      "type": "azurerm_key_vault",
      "name": "kv",
      "provider": "provider[\"registry.terraform.io/hashicorp/azurerm\"].dev",
      "instances": [
        {
          "schema_version": 2,
          "attributes": {
            "access_policy": [],
            "contact": [],
            "enable_rbac_authorization": true,
            "enabled_for_deployment": false,
            "enabled_for_disk_encryption": false,
            "enabled_for_template_deployment": false,
            "id": "/subscriptions/c824dfe2-906a-43cd-8c48-50f825e80036/resourceGroups/rg-esendit-dev-core-wi/providers/Microsoft.KeyVault/vaults/kvesenditdevesendit",
            "location": "westindia",
            "name": "kvesenditdevesendit",
            "network_acls": [
              {
                "bypass": "AzureServices",
                "default_action": "Allow",
                "ip_rules": [],
                "virtual_network_subnet_ids": []
              }
            ],
            "public_network_access_enabled": true,
            "purge_protection_enabled": true,
            "rbac_authorization_enabled": true,
            "resource_group_name": "rg-esendit-dev-core-wi",
            "sku_name": "standard",
            "soft_delete_retention_days": 90,
            "tags": {
              "app": "esendit",
              "costcenter": "esendit",
              "env": "dev",
              "owner": "admin",
              "region": "westindia"
            },
            "tenant_id": "7dda7dc2-fa0d-4242-a85d-16907f632abc",
            "timeouts": null,
            "vault_uri": "https://kvesenditdevesendit.vault.azure.net/"
          },
          "sensitive_attributes": [],
          "identity_schema_version": 0,
          "private": "eyJlMmJmYjczMC1lY2FhLTExZTYtOGY4OC0zNDM2M2JjN2M0YzAiOnsiY3JlYXRlIjoxODAwMDAwMDAwMDAwLCJkZWxldGUiOjE4MDAwMDAwMDAwMDAsInJlYWQiOjMwMDAwMDAwMDAwMCwidXBkYXRlIjoxODAwMDAwMDAwMDAwfSwic2NoZW1hX3ZlcnNpb24iOiIyIn0=",
          "dependencies": [
            "module.dev.azurerm_resource_group.core",
            "module.dev.data.azurerm_client_config.current"
          ]
        }
      ]
    },
    {
      "module": "module.dev",
      "mode": "managed",
      "type": "azurerm_private_dns_zone",
      "name": "blob",
      "provider": "provider[\"registry.terraform.io/hashicorp/azurerm\"].dev",
      "instances": [
        {
          "schema_version": 0,
          "attributes": {
            "id": "/subscriptions/c824dfe2-906a-43cd-8c48-50f825e80036/resourceGroups/rg-esendit-dev-core-wi/providers/Microsoft.Network/privateDnsZones/privatelink.blob.core.windows.net",
            "max_number_of_record_sets": 25000,
            "max_number_of_virtual_network_links": 1000,
            "max_number_of_virtual_network_links_with_registration": 100,
            "name": "privatelink.blob.core.windows.net",
            "number_of_record_sets": 1,
            "resource_group_name": "rg-esendit-dev-core-wi",
            "soa_record": [
              {
                "email": "azureprivatedns-host.microsoft.com",
                "expire_time": 2419200,
                "fqdn": "privatelink.blob.core.windows.net.",
                "host_name": "azureprivatedns.net",
                "minimum_ttl": 10,
                "refresh_time": 3600,
                "retry_time": 300,
                "serial_number": 1,
                "tags": {},
                "ttl": 3600
              }
            ],
            "tags": {
              "app": "esendit",
              "costcenter": "esendit",
              "env": "dev",
              "owner": "admin",
              "region": "westindia"
            },
            "timeouts": null
          },
          "sensitive_attributes": [],
          "identity_schema_version": 0,
          "identity": {
            "name": "privatelink.blob.core.windows.net",
            "resource_group_name": "rg-esendit-dev-core-wi",
            "subscription_id": "c824dfe2-906a-43cd-8c48-50f825e80036"
          },
          "private": "eyJlMmJmYjczMC1lY2FhLTExZTYtOGY4OC0zNDM2M2JjN2M0YzAiOnsiY3JlYXRlIjoxODAwMDAwMDAwMDAwLCJkZWxldGUiOjE4MDAwMDAwMDAwMDAsInJlYWQiOjMwMDAwMDAwMDAwMCwidXBkYXRlIjoxODAwMDAwMDAwMDAwfX0=",
          "dependencies": [
            "module.dev.azurerm_resource_group.core"
          ]
        }
      ]
    },
    {
      "module": "module.dev",
      "mode": "managed",
      "type": "azurerm_private_dns_zone",
      "name": "keyvault",
      "provider": "provider[\"registry.terraform.io/hashicorp/azurerm\"].dev",
      "instances": [
        {
          "schema_version": 0,
          "attributes": {
            "id": "/subscriptions/c824dfe2-906a-43cd-8c48-50f825e80036/resourceGroups/rg-esendit-dev-core-wi/providers/Microsoft.Network/privateDnsZones/privatelink.vaultcore.azure.net",
            "max_number_of_record_sets": 25000,
            "max_number_of_virtual_network_links": 1000,
            "max_number_of_virtual_network_links_with_registration": 100,
            "name": "privatelink.vaultcore.azure.net",
            "number_of_record_sets": 1,
            "resource_group_name": "rg-esendit-dev-core-wi",
            "soa_record": [
              {
                "email": "azureprivatedns-host.microsoft.com",
                "expire_time": 2419200,
                "fqdn": "privatelink.vaultcore.azure.net.",
                "host_name": "azureprivatedns.net",
                "minimum_ttl": 10,
                "refresh_time": 3600,
                "retry_time": 300,
                "serial_number": 1,
                "tags": {},
                "ttl": 3600
              }
            ],
            "tags": {
              "app": "esendit",
              "costcenter": "esendit",
              "env": "dev",
              "owner": "admin",
              "region": "westindia"
            },
            "timeouts": null
          },
          "sensitive_attributes": [],
          "identity_schema_version": 0,
          "identity": {
            "name": "privatelink.vaultcore.azure.net",
            "resource_group_name": "rg-esendit-dev-core-wi",
            "subscription_id": "c824dfe2-906a-43cd-8c48-50f825e80036"
          },
          "private": "eyJlMmJmYjczMC1lY2FhLTExZTYtOGY4OC0zNDM2M2JjN2M0YzAiOnsiY3JlYXRlIjoxODAwMDAwMDAwMDAwLCJkZWxldGUiOjE4MDAwMDAwMDAwMDAsInJlYWQiOjMwMDAwMDAwMDAwMCwidXBkYXRlIjoxODAwMDAwMDAwMDAwfX0=",
          "dependencies": [
            "module.dev.azurerm_resource_group.core"
          ]
        }
      ]
    },
    {
      "module": "module.dev",
      "mode": "managed",
      "type": "azurerm_private_dns_zone_virtual_network_link",
      "name": "blob_link",
      "provider": "provider[\"registry.terraform.io/hashicorp/azurerm\"].dev",
      "instances": [
        {
          "schema_version": 0,
          "attributes": {
            "id": "/subscriptions/c824dfe2-906a-43cd-8c48-50f825e80036/resourceGroups/rg-esendit-dev-core-wi/providers/Microsoft.Network/privateDnsZones/privatelink.blob.core.windows.net/virtualNetworkLinks/blob-link",
            "name": "blob-link",
            "private_dns_zone_name": "privatelink.blob.core.windows.net",
            "registration_enabled": false,
            "resolution_policy": "Default",
            "resource_group_name": "rg-esendit-dev-core-wi",
            "tags": null,
            "timeouts": null,
            "virtual_network_id": "/subscriptions/c824dfe2-906a-43cd-8c48-50f825e80036/resourceGroups/rg-esendit-dev-core-wi/providers/Microsoft.Network/virtualNetworks/vnet-esendit-dev-wi"
          },
          "sensitive_attributes": [],
          "identity_schema_version": 0,
          "identity": {
            "name": "blob-link",
            "private_dns_zone_name": "privatelink.blob.core.windows.net",
            "resource_group_name": "rg-esendit-dev-core-wi",
            "subscription_id": "c824dfe2-906a-43cd-8c48-50f825e80036"
          },
          "private": "eyJlMmJmYjczMC1lY2FhLTExZTYtOGY4OC0zNDM2M2JjN2M0YzAiOnsiY3JlYXRlIjoxODAwMDAwMDAwMDAwLCJkZWxldGUiOjE4MDAwMDAwMDAwMDAsInJlYWQiOjMwMDAwMDAwMDAwMCwidXBkYXRlIjoxODAwMDAwMDAwMDAwfX0=",
          "dependencies": [
            "module.dev.azurerm_private_dns_zone.blob",
            "module.dev.azurerm_resource_group.core",
            "module.dev.azurerm_virtual_network.vnet"
          ]
        }
      ]
    },
    {
      "module": "module.dev",
      "mode": "managed",
      "type": "azurerm_private_dns_zone_virtual_network_link",
      "name": "kv_link",
      "provider": "provider[\"registry.terraform.io/hashicorp/azurerm\"].dev",
      "instances": [
        {
          "schema_version": 0,
          "attributes": {
            "id": "/subscriptions/c824dfe2-906a-43cd-8c48-50f825e80036/resourceGroups/rg-esendit-dev-core-wi/providers/Microsoft.Network/privateDnsZones/privatelink.vaultcore.azure.net/virtualNetworkLinks/kv-link",
            "name": "kv-link",
            "private_dns_zone_name": "privatelink.vaultcore.azure.net",
            "registration_enabled": false,
            "resolution_policy": "Default",
            "resource_group_name": "rg-esendit-dev-core-wi",
            "tags": null,
            "timeouts": null,
            "virtual_network_id": "/subscriptions/c824dfe2-906a-43cd-8c48-50f825e80036/resourceGroups/rg-esendit-dev-core-wi/providers/Microsoft.Network/virtualNetworks/vnet-esendit-dev-wi"
          },
          "sensitive_attributes": [],
          "identity_schema_version": 0,
          "identity": {
            "name": "kv-link",
            "private_dns_zone_name": "privatelink.vaultcore.azure.net",
            "resource_group_name": "rg-esendit-dev-core-wi",
            "subscription_id": "c824dfe2-906a-43cd-8c48-50f825e80036"
          },
          "private": "eyJlMmJmYjczMC1lY2FhLTExZTYtOGY4OC0zNDM2M2JjN2M0YzAiOnsiY3JlYXRlIjoxODAwMDAwMDAwMDAwLCJkZWxldGUiOjE4MDAwMDAwMDAwMDAsInJlYWQiOjMwMDAwMDAwMDAwMCwidXBkYXRlIjoxODAwMDAwMDAwMDAwfX0=",
          "dependencies": [
            "module.dev.azurerm_private_dns_zone.keyvault",
            "module.dev.azurerm_resource_group.core",
            "module.dev.azurerm_virtual_network.vnet"
          ]
        }
      ]
    },
    {
      "module": "module.dev",
      "mode": "managed",
      "type": "azurerm_resource_group",
      "name": "aks",
      "provider": "provider[\"registry.terraform.io/hashicorp/azurerm\"].dev",
      "instances": [
        {
          "schema_version": 0,
          "attributes": {
            "id": "/subscriptions/c824dfe2-906a-43cd-8c48-50f825e80036/resourceGroups/rg-esendit-dev-aks-wi",
            "location": "westindia",
            "managed_by": "",
            "name": "rg-esendit-dev-aks-wi",
            "tags": {
              "app": "esendit",
              "costcenter": "esendit",
              "env": "dev",
              "owner": "admin",
              "region": "westindia"
            },
            "timeouts": null
          },
          "sensitive_attributes": [],
          "identity_schema_version": 0,
          "identity": {
            "name": "rg-esendit-dev-aks-wi",
            "subscription_id": "c824dfe2-906a-43cd-8c48-50f825e80036"
          },
          "private": "eyJlMmJmYjczMC1lY2FhLTExZTYtOGY4OC0zNDM2M2JjN2M0YzAiOnsiY3JlYXRlIjo1NDAwMDAwMDAwMDAwLCJkZWxldGUiOjU0MDAwMDAwMDAwMDAsInJlYWQiOjMwMDAwMDAwMDAwMCwidXBkYXRlIjo1NDAwMDAwMDAwMDAwfX0="
        }
      ]
    },
    {
      "module": "module.dev",
      "mode": "managed",
      "type": "azurerm_resource_group",
      "name": "core",
      "provider": "provider[\"registry.terraform.io/hashicorp/azurerm\"].dev",
      "instances": [
        {
          "schema_version": 0,
          "attributes": {
            "id": "/subscriptions/c824dfe2-906a-43cd-8c48-50f825e80036/resourceGroups/rg-esendit-dev-core-wi",
            "location": "westindia",
            "managed_by": "",
            "name": "rg-esendit-dev-core-wi",
            "tags": {
              "app": "esendit",
              "costcenter": "esendit",
              "env": "dev",
              "owner": "admin",
              "region": "westindia"
            },
            "timeouts": null
          },
          "sensitive_attributes": [],
          "identity_schema_version": 0,
          "identity": {
            "name": "rg-esendit-dev-core-wi",
            "subscription_id": "c824dfe2-906a-43cd-8c48-50f825e80036"
          },
          "private": "eyJlMmJmYjczMC1lY2FhLTExZTYtOGY4OC0zNDM2M2JjN2M0YzAiOnsiY3JlYXRlIjo1NDAwMDAwMDAwMDAwLCJkZWxldGUiOjU0MDAwMDAwMDAwMDAsInJlYWQiOjMwMDAwMDAwMDAwMCwidXBkYXRlIjo1NDAwMDAwMDAwMDAwfX0="
        }
      ]
    },
    {
      "module": "module.dev",
      "mode": "managed",
      "type": "azurerm_resource_group",
      "name": "data",
      "provider": "provider[\"registry.terraform.io/hashicorp/azurerm\"].dev",
      "instances": [
        {
          "schema_version": 0,
          "attributes": {
            "id": "/subscriptions/c824dfe2-906a-43cd-8c48-50f825e80036/resourceGroups/rg-esendit-dev-data-wi",
            "location": "westindia",
            "managed_by": "",
            "name": "rg-esendit-dev-data-wi",
            "tags": {
              "app": "esendit",
              "costcenter": "esendit",
              "env": "dev",
              "owner": "admin",
              "region": "westindia"
            },
            "timeouts": null
          },
          "sensitive_attributes": [],
          "identity_schema_version": 0,
          "identity": {
            "name": "rg-esendit-dev-data-wi",
            "subscription_id": "c824dfe2-906a-43cd-8c48-50f825e80036"
          },
          "private": "eyJlMmJmYjczMC1lY2FhLTExZTYtOGY4OC0zNDM2M2JjN2M0YzAiOnsiY3JlYXRlIjo1NDAwMDAwMDAwMDAwLCJkZWxldGUiOjU0MDAwMDAwMDAwMDAsInJlYWQiOjMwMDAwMDAwMDAwMCwidXBkYXRlIjo1NDAwMDAwMDAwMDAwfX0="
        }
      ]
    },
    {
      "module": "module.dev",
      "mode": "managed",
      "type": "azurerm_role_assignment",
      "name": "kv_admin",
      "provider": "provider[\"registry.terraform.io/hashicorp/azurerm\"].dev",
      "instances": [
        {
          "index_key": "5726b245-2a92-45d9-a7e4-f56e9fa285c7",
          "schema_version": 0,
          "attributes": {
            "condition": "",
            "condition_version": "",
            "delegated_managed_identity_resource_id": "",
            "description": "",
            "id": "/subscriptions/c824dfe2-906a-43cd-8c48-50f825e80036/resourceGroups/rg-esendit-dev-core-wi/providers/Microsoft.KeyVault/vaults/kvesenditdevesendit/providers/Microsoft.Authorization/roleAssignments/f67d8d0b-6023-4352-6408-7704c0f218cd",
            "name": "f67d8d0b-6023-4352-6408-7704c0f218cd",
            "principal_id": "5726b245-2a92-45d9-a7e4-f56e9fa285c7",
            "principal_type": "User",
            "role_definition_id": "/subscriptions/c824dfe2-906a-43cd-8c48-50f825e80036/providers/Microsoft.Authorization/roleDefinitions/00482a5a-887f-4fb3-b363-3b7fe8e74483",
            "role_definition_name": "Key Vault Administrator",
            "scope": "/subscriptions/c824dfe2-906a-43cd-8c48-50f825e80036/resourceGroups/rg-esendit-dev-core-wi/providers/Microsoft.KeyVault/vaults/kvesenditdevesendit",
            "skip_service_principal_aad_check": null,
            "timeouts": null
          },
          "sensitive_attributes": [],
          "identity_schema_version": 0,
          "private": "eyJlMmJmYjczMC1lY2FhLTExZTYtOGY4OC0zNDM2M2JjN2M0YzAiOnsiY3JlYXRlIjoxODAwMDAwMDAwMDAwLCJkZWxldGUiOjE4MDAwMDAwMDAwMDAsInJlYWQiOjMwMDAwMDAwMDAwMH19",
          "dependencies": [
            "module.dev.azurerm_key_vault.kv",
            "module.dev.azurerm_resource_group.core",
            "module.dev.data.azurerm_client_config.current"
          ]
        }
      ]
    },
    {
      "module": "module.dev",
      "mode": "managed",
      "type": "azurerm_subnet",
      "name": "aks",
      "provider": "provider[\"registry.terraform.io/hashicorp/azurerm\"].dev",
      "instances": [
        {
          "schema_version": 0,
          "attributes": {
            "address_prefixes": [
              "10.60.0.0/20"
            ],
            "default_outbound_access_enabled": true,
            "delegation": [],
            "id": "/subscriptions/c824dfe2-906a-43cd-8c48-50f825e80036/resourceGroups/rg-esendit-dev-core-wi/providers/Microsoft.Network/virtualNetworks/vnet-esendit-dev-wi/subnets/aks-subnet",
            "ip_address_pool": [],
            "name": "aks-subnet",
            "private_endpoint_network_policies": "Disabled",
            "private_link_service_network_policies_enabled": true,
            "resource_group_name": "rg-esendit-dev-core-wi",
            "service_endpoint_policy_ids": null,
            "service_endpoints": null,
            "sharing_scope": "",
            "timeouts": null,
            "virtual_network_name": "vnet-esendit-dev-wi"
          },
          "sensitive_attributes": [],
          "identity_schema_version": 0,
          "identity": {
            "name": "aks-subnet",
            "resource_group_name": "rg-esendit-dev-core-wi",
            "subscription_id": "c824dfe2-906a-43cd-8c48-50f825e80036",
            "virtual_network_name": "vnet-esendit-dev-wi"
          },
          "private": "eyJlMmJmYjczMC1lY2FhLTExZTYtOGY4OC0zNDM2M2JjN2M0YzAiOnsiY3JlYXRlIjoxODAwMDAwMDAwMDAwLCJkZWxldGUiOjE4MDAwMDAwMDAwMDAsInJlYWQiOjMwMDAwMDAwMDAwMCwidXBkYXRlIjoxODAwMDAwMDAwMDAwfX0=",
          "dependencies": [
            "module.dev.azurerm_resource_group.core",
            "module.dev.azurerm_virtual_network.vnet"
          ]
        }
      ]
    },
    {
      "module": "module.dev",
      "mode": "managed",
      "type": "azurerm_subnet",
      "name": "private_endpoints",
      "provider": "provider[\"registry.terraform.io/hashicorp/azurerm\"].dev",
      "instances": [
        {
          "schema_version": 0,
          "attributes": {
            "address_prefixes": [
              "10.60.16.0/24"
            ],
            "default_outbound_access_enabled": true,
            "delegation": [],
            "id": "/subscriptions/c824dfe2-906a-43cd-8c48-50f825e80036/resourceGroups/rg-esendit-dev-core-wi/providers/Microsoft.Network/virtualNetworks/vnet-esendit-dev-wi/subnets/private-endpoints-subnet",
            "ip_address_pool": [],
            "name": "private-endpoints-subnet",
            "private_endpoint_network_policies": "Disabled",
            "private_link_service_network_policies_enabled": true,
            "resource_group_name": "rg-esendit-dev-core-wi",
            "service_endpoint_policy_ids": null,
            "service_endpoints": null,
            "sharing_scope": "",
            "timeouts": null,
            "virtual_network_name": "vnet-esendit-dev-wi"
          },
          "sensitive_attributes": [],
          "identity_schema_version": 0,
          "identity": {
            "name": "private-endpoints-subnet",
            "resource_group_name": "rg-esendit-dev-core-wi",
            "subscription_id": "c824dfe2-906a-43cd-8c48-50f825e80036",
            "virtual_network_name": "vnet-esendit-dev-wi"
          },
          "private": "eyJlMmJmYjczMC1lY2FhLTExZTYtOGY4OC0zNDM2M2JjN2M0YzAiOnsiY3JlYXRlIjoxODAwMDAwMDAwMDAwLCJkZWxldGUiOjE4MDAwMDAwMDAwMDAsInJlYWQiOjMwMDAwMDAwMDAwMCwidXBkYXRlIjoxODAwMDAwMDAwMDAwfX0=",
          "dependencies": [
            "module.dev.azurerm_resource_group.core",
            "module.dev.azurerm_virtual_network.vnet"
          ]
        }
      ]
    },
    {
      "module": "module.dev",
      "mode": "managed",
      "type": "azurerm_virtual_network",
      "name": "vnet",
      "provider": "provider[\"registry.terraform.io/hashicorp/azurerm\"].dev",
      "instances": [
        {
          "schema_version": 0,
          "attributes": {
            "address_space": [
              "10.60.0.0/16"
            ],
            "bgp_community": "",
            "ddos_protection_plan": [],
            "dns_servers": [],
            "edge_zone": "",
            "encryption": [],
            "flow_timeout_in_minutes": 0,
            "guid": "e67729a4-3022-409a-a418-fe1744b3da1a",
            "id": "/subscriptions/c824dfe2-906a-43cd-8c48-50f825e80036/resourceGroups/rg-esendit-dev-core-wi/providers/Microsoft.Network/virtualNetworks/vnet-esendit-dev-wi",
            "ip_address_pool": [],
            "location": "westindia",
            "name": "vnet-esendit-dev-wi",
            "private_endpoint_vnet_policies": "Disabled",
            "resource_group_name": "rg-esendit-dev-core-wi",
            "subnet": [],
            "tags": {
              "app": "esendit",
              "costcenter": "esendit",
              "env": "dev",
              "owner": "admin",
              "region": "westindia"
            },
            "timeouts": null
          },
          "sensitive_attributes": [],
          "identity_schema_version": 0,
          "identity": {
            "name": "vnet-esendit-dev-wi",
            "resource_group_name": "rg-esendit-dev-core-wi",
            "subscription_id": "c824dfe2-906a-43cd-8c48-50f825e80036"
          },
          "private": "eyJlMmJmYjczMC1lY2FhLTExZTYtOGY4OC0zNDM2M2JjN2M0YzAiOnsiY3JlYXRlIjoxODAwMDAwMDAwMDAwLCJkZWxldGUiOjE4MDAwMDAwMDAwMDAsInJlYWQiOjMwMDAwMDAwMDAwMCwidXBkYXRlIjoxODAwMDAwMDAwMDAwfX0=",
          "dependencies": [
            "module.dev.azurerm_resource_group.core"
          ]
        }
      ]
    },
    {
      "module": "module.prod",
      "mode": "data",
      "type": "azurerm_client_config",
      "name": "current",
      "provider": "provider[\"registry.terraform.io/hashicorp/azurerm\"].prod",
      "instances": [
        {
          "schema_version": 0,
          "attributes": {
            "client_id": "04b07795-8ddb-461a-bbee-02f9e1bf7b46",
            "id": "Y2xpZW50Q29uZmlncy9jbGllbnRJZD0wNGIwNzc5NS04ZGRiLTQ2MWEtYmJlZS0wMmY5ZTFiZjdiNDY7b2JqZWN0SWQ9NTcyNmIyNDUtMmE5Mi00NWQ5LWE3ZTQtZjU2ZTlmYTI4NWM3O3N1YnNjcmlwdGlvbklkPWYyNjc2ZmE2LWY2MzktNDEwMi05ODY1LWY2MzhmNmIyYzZjMjt0ZW5hbnRJZD03ZGRhN2RjMi1mYTBkLTQyNDItYTg1ZC0xNjkwN2Y2MzJhYmM=",
            "object_id": "5726b245-2a92-45d9-a7e4-f56e9fa285c7",
            "subscription_id": "f2676fa6-f639-4102-9865-f638f6b2c6c2",
            "tenant_id": "7dda7dc2-fa0d-4242-a85d-16907f632abc",
            "timeouts": null
          },
          "sensitive_attributes": [],
          "identity_schema_version": 0
        }
      ]
    },
    {
      "module": "module.prod",
      "mode": "managed",
      "type": "azurerm_key_vault",
      "name": "kv",
      "provider": "provider[\"registry.terraform.io/hashicorp/azurerm\"].prod",
      "instances": [
        {
          "schema_version": 2,
          "attributes": {
            "access_policy": [],
            "contact": [],
            "enable_rbac_authorization": true,
            "enabled_for_deployment": false,
            "enabled_for_disk_encryption": false,
            "enabled_for_template_deployment": false,
            "id": "/subscriptions/f2676fa6-f639-4102-9865-f638f6b2c6c2/resourceGroups/rg-esendit-prod-core-wi/providers/Microsoft.KeyVault/vaults/kvesenditprodesendit",
            "location": "westindia",
            "name": "kvesenditprodesendit",
            "network_acls": [
              {
                "bypass": "AzureServices",
                "default_action": "Allow",
                "ip_rules": [],
                "virtual_network_subnet_ids": []
              }
            ],
            "public_network_access_enabled": true,
            "purge_protection_enabled": true,
            "rbac_authorization_enabled": true,
            "resource_group_name": "rg-esendit-prod-core-wi",
            "sku_name": "standard",
            "soft_delete_retention_days": 90,
            "tags": {
              "app": "esendit",
              "costcenter": "esendit",
              "env": "prod",
              "owner": "admin",
              "region": "westindia"
            },
            "tenant_id": "7dda7dc2-fa0d-4242-a85d-16907f632abc",
            "timeouts": null,
            "vault_uri": "https://kvesenditprodesendit.vault.azure.net/"
          },
          "sensitive_attributes": [],
          "identity_schema_version": 0,
          "private": "eyJlMmJmYjczMC1lY2FhLTExZTYtOGY4OC0zNDM2M2JjN2M0YzAiOnsiY3JlYXRlIjoxODAwMDAwMDAwMDAwLCJkZWxldGUiOjE4MDAwMDAwMDAwMDAsInJlYWQiOjMwMDAwMDAwMDAwMCwidXBkYXRlIjoxODAwMDAwMDAwMDAwfSwic2NoZW1hX3ZlcnNpb24iOiIyIn0=",
          "dependencies": [
            "module.prod.azurerm_resource_group.core",
            "module.prod.data.azurerm_client_config.current"
          ]
        }
      ]
    },
    {
      "module": "module.prod",
      "mode": "managed",
      "type": "azurerm_private_dns_zone",
      "name": "blob",
      "provider": "provider[\"registry.terraform.io/hashicorp/azurerm\"].prod",
      "instances": [
        {
          "schema_version": 0,
          "attributes": {
            "id": "/subscriptions/f2676fa6-f639-4102-9865-f638f6b2c6c2/resourceGroups/rg-esendit-prod-core-wi/providers/Microsoft.Network/privateDnsZones/privatelink.blob.core.windows.net",
            "max_number_of_record_sets": 25000,
            "max_number_of_virtual_network_links": 1000,
            "max_number_of_virtual_network_links_with_registration": 100,
            "name": "privatelink.blob.core.windows.net",
            "number_of_record_sets": 1,
            "resource_group_name": "rg-esendit-prod-core-wi",
            "soa_record": [
              {
                "email": "azureprivatedns-host.microsoft.com",
                "expire_time": 2419200,
                "fqdn": "privatelink.blob.core.windows.net.",
                "host_name": "azureprivatedns.net",
                "minimum_ttl": 10,
                "refresh_time": 3600,
                "retry_time": 300,
                "serial_number": 1,
                "tags": {},
                "ttl": 3600
              }
            ],
            "tags": {
              "app": "esendit",
              "costcenter": "esendit",
              "env": "prod",
              "owner": "admin",
              "region": "westindia"
            },
            "timeouts": null
          },
          "sensitive_attributes": [],
          "identity_schema_version": 0,
          "identity": {
            "name": "privatelink.blob.core.windows.net",
            "resource_group_name": "rg-esendit-prod-core-wi",
            "subscription_id": "f2676fa6-f639-4102-9865-f638f6b2c6c2"
          },
          "private": "eyJlMmJmYjczMC1lY2FhLTExZTYtOGY4OC0zNDM2M2JjN2M0YzAiOnsiY3JlYXRlIjoxODAwMDAwMDAwMDAwLCJkZWxldGUiOjE4MDAwMDAwMDAwMDAsInJlYWQiOjMwMDAwMDAwMDAwMCwidXBkYXRlIjoxODAwMDAwMDAwMDAwfX0=",
          "dependencies": [
            "module.prod.azurerm_resource_group.core"
          ]
        }
      ]
    },
    {
      "module": "module.prod",
      "mode": "managed",
      "type": "azurerm_private_dns_zone",
      "name": "keyvault",
      "provider": "provider[\"registry.terraform.io/hashicorp/azurerm\"].prod",
      "instances": [
        {
          "schema_version": 0,
          "attributes": {
            "id": "/subscriptions/f2676fa6-f639-4102-9865-f638f6b2c6c2/resourceGroups/rg-esendit-prod-core-wi/providers/Microsoft.Network/privateDnsZones/privatelink.vaultcore.azure.net",
            "max_number_of_record_sets": 25000,
            "max_number_of_virtual_network_links": 1000,
            "max_number_of_virtual_network_links_with_registration": 100,
            "name": "privatelink.vaultcore.azure.net",
            "number_of_record_sets": 1,
            "resource_group_name": "rg-esendit-prod-core-wi",
            "soa_record": [
              {
                "email": "azureprivatedns-host.microsoft.com",
                "expire_time": 2419200,
                "fqdn": "privatelink.vaultcore.azure.net.",
                "host_name": "azureprivatedns.net",
                "minimum_ttl": 10,
                "refresh_time": 3600,
                "retry_time": 300,
                "serial_number": 1,
                "tags": {},
                "ttl": 3600
              }
            ],
            "tags": {
              "app": "esendit",
              "costcenter": "esendit",
              "env": "prod",
              "owner": "admin",
              "region": "westindia"
            },
            "timeouts": null
          },
          "sensitive_attributes": [],
          "identity_schema_version": 0,
          "identity": {
            "name": "privatelink.vaultcore.azure.net",
            "resource_group_name": "rg-esendit-prod-core-wi",
            "subscription_id": "f2676fa6-f639-4102-9865-f638f6b2c6c2"
          },
          "private": "eyJlMmJmYjczMC1lY2FhLTExZTYtOGY4OC0zNDM2M2JjN2M0YzAiOnsiY3JlYXRlIjoxODAwMDAwMDAwMDAwLCJkZWxldGUiOjE4MDAwMDAwMDAwMDAsInJlYWQiOjMwMDAwMDAwMDAwMCwidXBkYXRlIjoxODAwMDAwMDAwMDAwfX0=",
          "dependencies": [
            "module.prod.azurerm_resource_group.core"
          ]
        }
      ]
    },
    {
      "module": "module.prod",
      "mode": "managed",
      "type": "azurerm_private_dns_zone_virtual_network_link",
      "name": "blob_link",
      "provider": "provider[\"registry.terraform.io/hashicorp/azurerm\"].prod",
      "instances": [
        {
          "schema_version": 0,
          "attributes": {
            "id": "/subscriptions/f2676fa6-f639-4102-9865-f638f6b2c6c2/resourceGroups/rg-esendit-prod-core-wi/providers/Microsoft.Network/privateDnsZones/privatelink.blob.core.windows.net/virtualNetworkLinks/blob-link",
            "name": "blob-link",
            "private_dns_zone_name": "privatelink.blob.core.windows.net",
            "registration_enabled": false,
            "resolution_policy": "Default",
            "resource_group_name": "rg-esendit-prod-core-wi",
            "tags": null,
            "timeouts": null,
            "virtual_network_id": "/subscriptions/f2676fa6-f639-4102-9865-f638f6b2c6c2/resourceGroups/rg-esendit-prod-core-wi/providers/Microsoft.Network/virtualNetworks/vnet-esendit-prod-wi"
          },
          "sensitive_attributes": [],
          "identity_schema_version": 0,
          "identity": {
            "name": "blob-link",
            "private_dns_zone_name": "privatelink.blob.core.windows.net",
            "resource_group_name": "rg-esendit-prod-core-wi",
            "subscription_id": "f2676fa6-f639-4102-9865-f638f6b2c6c2"
          },
          "private": "eyJlMmJmYjczMC1lY2FhLTExZTYtOGY4OC0zNDM2M2JjN2M0YzAiOnsiY3JlYXRlIjoxODAwMDAwMDAwMDAwLCJkZWxldGUiOjE4MDAwMDAwMDAwMDAsInJlYWQiOjMwMDAwMDAwMDAwMCwidXBkYXRlIjoxODAwMDAwMDAwMDAwfX0=",
          "dependencies": [
            "module.prod.azurerm_private_dns_zone.blob",
            "module.prod.azurerm_resource_group.core",
            "module.prod.azurerm_virtual_network.vnet"
          ]
        }
      ]
    },
    {
      "module": "module.prod",
      "mode": "managed",
      "type": "azurerm_private_dns_zone_virtual_network_link",
      "name": "kv_link",
      "provider": "provider[\"registry.terraform.io/hashicorp/azurerm\"].prod",
      "instances": [
        {
          "schema_version": 0,
          "attributes": {
            "id": "/subscriptions/f2676fa6-f639-4102-9865-f638f6b2c6c2/resourceGroups/rg-esendit-prod-core-wi/providers/Microsoft.Network/privateDnsZones/privatelink.vaultcore.azure.net/virtualNetworkLinks/kv-link",
            "name": "kv-link",
            "private_dns_zone_name": "privatelink.vaultcore.azure.net",
            "registration_enabled": false,
            "resolution_policy": "Default",
            "resource_group_name": "rg-esendit-prod-core-wi",
            "tags": null,
            "timeouts": null,
            "virtual_network_id": "/subscriptions/f2676fa6-f639-4102-9865-f638f6b2c6c2/resourceGroups/rg-esendit-prod-core-wi/providers/Microsoft.Network/virtualNetworks/vnet-esendit-prod-wi"
          },
          "sensitive_attributes": [],
          "identity_schema_version": 0,
          "identity": {
            "name": "kv-link",
            "private_dns_zone_name": "privatelink.vaultcore.azure.net",
            "resource_group_name": "rg-esendit-prod-core-wi",
            "subscription_id": "f2676fa6-f639-4102-9865-f638f6b2c6c2"
          },
          "private": "eyJlMmJmYjczMC1lY2FhLTExZTYtOGY4OC0zNDM2M2JjN2M0YzAiOnsiY3JlYXRlIjoxODAwMDAwMDAwMDAwLCJkZWxldGUiOjE4MDAwMDAwMDAwMDAsInJlYWQiOjMwMDAwMDAwMDAwMCwidXBkYXRlIjoxODAwMDAwMDAwMDAwfX0=",
          "dependencies": [
            "module.prod.azurerm_private_dns_zone.keyvault",
            "module.prod.azurerm_resource_group.core",
            "module.prod.azurerm_virtual_network.vnet"
          ]
        }
      ]
    },
    {
      "module": "module.prod",
      "mode": "managed",
      "type": "azurerm_resource_group",
      "name": "aks",
      "provider": "provider[\"registry.terraform.io/hashicorp/azurerm\"].prod",
      "instances": [
        {
          "schema_version": 0,
          "attributes": {
            "id": "/subscriptions/f2676fa6-f639-4102-9865-f638f6b2c6c2/resourceGroups/rg-esendit-prod-aks-wi",
            "location": "westindia",
            "managed_by": "",
            "name": "rg-esendit-prod-aks-wi",
            "tags": {
              "app": "esendit",
              "costcenter": "esendit",
              "env": "prod",
              "owner": "admin",
              "region": "westindia"
            },
            "timeouts": null
          },
          "sensitive_attributes": [],
          "identity_schema_version": 0,
          "identity": {
            "name": "rg-esendit-prod-aks-wi",
            "subscription_id": "f2676fa6-f639-4102-9865-f638f6b2c6c2"
          },
          "private": "eyJlMmJmYjczMC1lY2FhLTExZTYtOGY4OC0zNDM2M2JjN2M0YzAiOnsiY3JlYXRlIjo1NDAwMDAwMDAwMDAwLCJkZWxldGUiOjU0MDAwMDAwMDAwMDAsInJlYWQiOjMwMDAwMDAwMDAwMCwidXBkYXRlIjo1NDAwMDAwMDAwMDAwfX0="
        }
      ]
    },
    {
      "module": "module.prod",
      "mode": "managed",
      "type": "azurerm_resource_group",
      "name": "core",
      "provider": "provider[\"registry.terraform.io/hashicorp/azurerm\"].prod",
      "instances": [
        {
          "schema_version": 0,
          "attributes": {
            "id": "/subscriptions/f2676fa6-f639-4102-9865-f638f6b2c6c2/resourceGroups/rg-esendit-prod-core-wi",
            "location": "westindia",
            "managed_by": "",
            "name": "rg-esendit-prod-core-wi",
            "tags": {
              "app": "esendit",
              "costcenter": "esendit",
              "env": "prod",
              "owner": "admin",
              "region": "westindia"
            },
            "timeouts": null
          },
          "sensitive_attributes": [],
          "identity_schema_version": 0,
          "identity": {
            "name": "rg-esendit-prod-core-wi",
            "subscription_id": "f2676fa6-f639-4102-9865-f638f6b2c6c2"
          },
          "private": "eyJlMmJmYjczMC1lY2FhLTExZTYtOGY4OC0zNDM2M2JjN2M0YzAiOnsiY3JlYXRlIjo1NDAwMDAwMDAwMDAwLCJkZWxldGUiOjU0MDAwMDAwMDAwMDAsInJlYWQiOjMwMDAwMDAwMDAwMCwidXBkYXRlIjo1NDAwMDAwMDAwMDAwfX0="
        }
      ]
    },
    {
      "module": "module.prod",
      "mode": "managed",
      "type": "azurerm_resource_group",
      "name": "data",
      "provider": "provider[\"registry.terraform.io/hashicorp/azurerm\"].prod",
      "instances": [
        {
          "schema_version": 0,
          "attributes": {
            "id": "/subscriptions/f2676fa6-f639-4102-9865-f638f6b2c6c2/resourceGroups/rg-esendit-prod-data-wi",
            "location": "westindia",
            "managed_by": "",
            "name": "rg-esendit-prod-data-wi",
            "tags": {
              "app": "esendit",
              "costcenter": "esendit",
              "env": "prod",
              "owner": "admin",
              "region": "westindia"
            },
            "timeouts": null
          },
          "sensitive_attributes": [],
          "identity_schema_version": 0,
          "identity": {
            "name": "rg-esendit-prod-data-wi",
            "subscription_id": "f2676fa6-f639-4102-9865-f638f6b2c6c2"
          },
          "private": "eyJlMmJmYjczMC1lY2FhLTExZTYtOGY4OC0zNDM2M2JjN2M0YzAiOnsiY3JlYXRlIjo1NDAwMDAwMDAwMDAwLCJkZWxldGUiOjU0MDAwMDAwMDAwMDAsInJlYWQiOjMwMDAwMDAwMDAwMCwidXBkYXRlIjo1NDAwMDAwMDAwMDAwfX0="
        }
      ]
    },
    {
      "module": "module.prod",
      "mode": "managed",
      "type": "azurerm_role_assignment",
      "name": "kv_admin",
      "provider": "provider[\"registry.terraform.io/hashicorp/azurerm\"].prod",
      "instances": [
        {
          "index_key": "5726b245-2a92-45d9-a7e4-f56e9fa285c7",
          "schema_version": 0,
          "attributes": {
            "condition": "",
            "condition_version": "",
            "delegated_managed_identity_resource_id": "",
            "description": "",
            "id": "/subscriptions/f2676fa6-f639-4102-9865-f638f6b2c6c2/resourceGroups/rg-esendit-prod-core-wi/providers/Microsoft.KeyVault/vaults/kvesenditprodesendit/providers/Microsoft.Authorization/roleAssignments/41bedaeb-6c90-cc6a-fd72-863b9c96c7ef",
            "name": "41bedaeb-6c90-cc6a-fd72-863b9c96c7ef",
            "principal_id": "5726b245-2a92-45d9-a7e4-f56e9fa285c7",
            "principal_type": "User",
            "role_definition_id": "/subscriptions/f2676fa6-f639-4102-9865-f638f6b2c6c2/providers/Microsoft.Authorization/roleDefinitions/00482a5a-887f-4fb3-b363-3b7fe8e74483",
            "role_definition_name": "Key Vault Administrator",
            "scope": "/subscriptions/f2676fa6-f639-4102-9865-f638f6b2c6c2/resourceGroups/rg-esendit-prod-core-wi/providers/Microsoft.KeyVault/vaults/kvesenditprodesendit",
            "skip_service_principal_aad_check": null,
            "timeouts": null
          },
          "sensitive_attributes": [],
          "identity_schema_version": 0,
          "private": "eyJlMmJmYjczMC1lY2FhLTExZTYtOGY4OC0zNDM2M2JjN2M0YzAiOnsiY3JlYXRlIjoxODAwMDAwMDAwMDAwLCJkZWxldGUiOjE4MDAwMDAwMDAwMDAsInJlYWQiOjMwMDAwMDAwMDAwMH19",
          "dependencies": [
            "module.prod.azurerm_key_vault.kv",
            "module.prod.azurerm_resource_group.core",
            "module.prod.data.azurerm_client_config.current"
          ]
        }
      ]
    },
    {
      "module": "module.prod",
      "mode": "managed",
      "type": "azurerm_subnet",
      "name": "aks",
      "provider": "provider[\"registry.terraform.io/hashicorp/azurerm\"].prod",
      "instances": [
        {
          "schema_version": 0,
          "attributes": {
            "address_prefixes": [
              "10.61.0.0/20"
            ],
            "default_outbound_access_enabled": true,
            "delegation": [],
            "id": "/subscriptions/f2676fa6-f639-4102-9865-f638f6b2c6c2/resourceGroups/rg-esendit-prod-core-wi/providers/Microsoft.Network/virtualNetworks/vnet-esendit-prod-wi/subnets/aks-subnet",
            "ip_address_pool": [],
            "name": "aks-subnet",
            "private_endpoint_network_policies": "Disabled",
            "private_link_service_network_policies_enabled": true,
            "resource_group_name": "rg-esendit-prod-core-wi",
            "service_endpoint_policy_ids": null,
            "service_endpoints": null,
            "sharing_scope": "",
            "timeouts": null,
            "virtual_network_name": "vnet-esendit-prod-wi"
          },
          "sensitive_attributes": [],
          "identity_schema_version": 0,
          "identity": {
            "name": "aks-subnet",
            "resource_group_name": "rg-esendit-prod-core-wi",
            "subscription_id": "f2676fa6-f639-4102-9865-f638f6b2c6c2",
            "virtual_network_name": "vnet-esendit-prod-wi"
          },
          "private": "eyJlMmJmYjczMC1lY2FhLTExZTYtOGY4OC0zNDM2M2JjN2M0YzAiOnsiY3JlYXRlIjoxODAwMDAwMDAwMDAwLCJkZWxldGUiOjE4MDAwMDAwMDAwMDAsInJlYWQiOjMwMDAwMDAwMDAwMCwidXBkYXRlIjoxODAwMDAwMDAwMDAwfX0=",
          "dependencies": [
            "module.prod.azurerm_resource_group.core",
            "module.prod.azurerm_virtual_network.vnet"
          ]
        }
      ]
    },
    {
      "module": "module.prod",
      "mode": "managed",
      "type": "azurerm_subnet",
      "name": "private_endpoints",
      "provider": "provider[\"registry.terraform.io/hashicorp/azurerm\"].prod",
      "instances": [
        {
          "schema_version": 0,
          "attributes": {
            "address_prefixes": [
              "10.61.16.0/24"
            ],
            "default_outbound_access_enabled": true,
            "delegation": [],
            "id": "/subscriptions/f2676fa6-f639-4102-9865-f638f6b2c6c2/resourceGroups/rg-esendit-prod-core-wi/providers/Microsoft.Network/virtualNetworks/vnet-esendit-prod-wi/subnets/private-endpoints-subnet",
            "ip_address_pool": [],
            "name": "private-endpoints-subnet",
            "private_endpoint_network_policies": "Disabled",
            "private_link_service_network_policies_enabled": true,
            "resource_group_name": "rg-esendit-prod-core-wi",
            "service_endpoint_policy_ids": null,
            "service_endpoints": null,
            "sharing_scope": "",
            "timeouts": null,
            "virtual_network_name": "vnet-esendit-prod-wi"
          },
          "sensitive_attributes": [],
          "identity_schema_version": 0,
          "identity": {
            "name": "private-endpoints-subnet",
            "resource_group_name": "rg-esendit-prod-core-wi",
            "subscription_id": "f2676fa6-f639-4102-9865-f638f6b2c6c2",
            "virtual_network_name": "vnet-esendit-prod-wi"
          },
          "private": "eyJlMmJmYjczMC1lY2FhLTExZTYtOGY4OC0zNDM2M2JjN2M0YzAiOnsiY3JlYXRlIjoxODAwMDAwMDAwMDAwLCJkZWxldGUiOjE4MDAwMDAwMDAwMDAsInJlYWQiOjMwMDAwMDAwMDAwMCwidXBkYXRlIjoxODAwMDAwMDAwMDAwfX0=",
          "dependencies": [
            "module.prod.azurerm_resource_group.core",
            "module.prod.azurerm_virtual_network.vnet"
          ]
        }
      ]
    },
    {
      "module": "module.prod",
      "mode": "managed",
      "type": "azurerm_virtual_network",
      "name": "vnet",
      "provider": "provider[\"registry.terraform.io/hashicorp/azurerm\"].prod",
      "instances": [
        {
          "schema_version": 0,
          "attributes": {
            "address_space": [
              "10.61.0.0/16"
            ],
            "bgp_community": "",
            "ddos_protection_plan": [],
            "dns_servers": [],
            "edge_zone": "",
            "encryption": [],
            "flow_timeout_in_minutes": 0,
            "guid": "3c94d995-9f1a-4ab2-9c81-da24afdcf790",
            "id": "/subscriptions/f2676fa6-f639-4102-9865-f638f6b2c6c2/resourceGroups/rg-esendit-prod-core-wi/providers/Microsoft.Network/virtualNetworks/vnet-esendit-prod-wi",
            "ip_address_pool": [],
            "location": "westindia",
            "name": "vnet-esendit-prod-wi",
            "private_endpoint_vnet_policies": "Disabled",
            "resource_group_name": "rg-esendit-prod-core-wi",
            "subnet": [],
            "tags": {
              "app": "esendit",
              "costcenter": "esendit",
              "env": "prod",
              "owner": "admin",
              "region": "westindia"
            },
            "timeouts": null
          },
          "sensitive_attributes": [],
          "identity_schema_version": 0,
          "identity": {
            "name": "vnet-esendit-prod-wi",
            "resource_group_name": "rg-esendit-prod-core-wi",
            "subscription_id": "f2676fa6-f639-4102-9865-f638f6b2c6c2"
          },
          "private": "eyJlMmJmYjczMC1lY2FhLTExZTYtOGY4OC0zNDM2M2JjN2M0YzAiOnsiY3JlYXRlIjoxODAwMDAwMDAwMDAwLCJkZWxldGUiOjE4MDAwMDAwMDAwMDAsInJlYWQiOjMwMDAwMDAwMDAwMCwidXBkYXRlIjoxODAwMDAwMDAwMDAwfX0=",
          "dependencies": [
            "module.prod.azurerm_resource_group.core"
          ]
        }
      ]
    }
  ],
  "check_results": null
}
